// !$*UTF8*$!
{
	archiveVersion = 1;
	classes = {
	};
	objectVersion = 48;
	objects = {

/* Begin PBXBuildFile section */
		4304599420F7D01F00B54215 /* WebKit.framework in Frameworks */ = {isa = PBXBuildFile; fileRef = 43D0355720EAC1FE00AA1039 /* WebKit.framework */; };
		430D4DAB22832F60006E5CBF /* ReplayKit.framework in Frameworks */ = {isa = PBXBuildFile; fileRef = 430D4DAA22832F60006E5CBF /* ReplayKit.framework */; };
		436CF092225693FB002E77C9 /* worldReferenceMarker in Resources */ = {isa = PBXBuildFile; fileRef = 436CF091225693FB002E77C9 /* worldReferenceMarker */; };
		437B8AEC21025108006720F5 /* AudioToolbox.framework in Frameworks */ = {isa = PBXBuildFile; fileRef = 437B8AEB21025108006720F5 /* AudioToolbox.framework */; };
		437C3BC824104FDA00B0F977 /* vuforia-spatial-edge-server in Resources */ = {isa = PBXBuildFile; fileRef = 437C3BC724104FDA00B0F977 /* vuforia-spatial-edge-server */; };
		43AD9580220E15AA00E5BB36 /* SpeechManager.m in Sources */ = {isa = PBXBuildFile; fileRef = 43AD957F220E15AA00E5BB36 /* SpeechManager.m */; };
		43AD9582220E172900E5BB36 /* Speech.framework in Frameworks */ = {isa = PBXBuildFile; fileRef = 43AD9581220E172900E5BB36 /* Speech.framework */; };
		43AD9588221473AA00E5BB36 /* NodeRunner.mm in Sources */ = {isa = PBXBuildFile; fileRef = 43AD9587221473AA00E5BB36 /* NodeRunner.mm */; };
		43ADDCE02214784900E5BB36 /* NodeMobile.framework in Frameworks */ = {isa = PBXBuildFile; fileRef = 43ADDCDE2214784200E5BB36 /* NodeMobile.framework */; settings = {ATTRIBUTES = (Required, ); }; };
		43ADDCE12214784900E5BB36 /* NodeMobile.framework in Embed Frameworks */ = {isa = PBXBuildFile; fileRef = 43ADDCDE2214784200E5BB36 /* NodeMobile.framework */; settings = {ATTRIBUTES = (CodeSignOnCopy, RemoveHeadersOnCopy, ); }; };
		43D0351420EAC02600AA1039 /* Main.storyboard in Resources */ = {isa = PBXBuildFile; fileRef = 43D0351220EAC02600AA1039 /* Main.storyboard */; };
		43D0351920EAC02600AA1039 /* LaunchScreen.storyboard in Resources */ = {isa = PBXBuildFile; fileRef = 43D0351720EAC02600AA1039 /* LaunchScreen.storyboard */; };
		A7EE6C762218853B00F60723 /* Images.xcassets in Resources */ = {isa = PBXBuildFile; fileRef = A7EE6C752218853B00F60723 /* Images.xcassets */; };
		B578F2432704C07F00E4875C /* AppController.cpp in Sources */ = {isa = PBXBuildFile; fileRef = B578F23B2704C07F00E4875C /* AppController.cpp */; };
		B578F2442704C07F00E4875C /* VuMatrixToString.cpp in Sources */ = {isa = PBXBuildFile; fileRef = B578F23E2704C07F00E4875C /* VuMatrixToString.cpp */; };
		B578F2452704C07F00E4875C /* tiny_obj_loader.cpp in Sources */ = {isa = PBXBuildFile; fileRef = B578F2412704C07F00E4875C /* tiny_obj_loader.cpp */; };
		B578F24F2704C08800E4875C /* VisibleTargets.mm in Sources */ = {isa = PBXBuildFile; fileRef = B578F2472704C08800E4875C /* VisibleTargets.mm */; };
		B578F2502704C08800E4875C /* MetalRenderer.swift in Sources */ = {isa = PBXBuildFile; fileRef = B578F2482704C08800E4875C /* MetalRenderer.swift */; };
		B578F2512704C08800E4875C /* VuforiaWrapper.mm in Sources */ = {isa = PBXBuildFile; fileRef = B578F2492704C08800E4875C /* VuforiaWrapper.mm */; };
		B578F2522704C08800E4875C /* shaders.metal in Sources */ = {isa = PBXBuildFile; fileRef = B578F24A2704C08800E4875C /* shaders.metal */; };
		B578F2532704C08800E4875C /* VuforiaViewController.swift in Sources */ = {isa = PBXBuildFile; fileRef = B578F24B2704C08800E4875C /* VuforiaViewController.swift */; };
		B578F2542704C08800E4875C /* VuforiaView.swift in Sources */ = {isa = PBXBuildFile; fileRef = B578F24C2704C08800E4875C /* VuforiaView.swift */; };
		B578F2592704C4CC00E4875C /* AppDelegate.swift in Sources */ = {isa = PBXBuildFile; fileRef = B578F2582704C4CC00E4875C /* AppDelegate.swift */; };
		B578F25B2704C50000E4875C /* MainViewController.swift in Sources */ = {isa = PBXBuildFile; fileRef = B578F25A2704C4FF00E4875C /* MainViewController.swift */; };
		B578F25D2704C51000E4875C /* JavaScriptAPIHandler.swift in Sources */ = {isa = PBXBuildFile; fileRef = B578F25C2704C50F00E4875C /* JavaScriptAPIHandler.swift */; };
		B578F25F2704C5A600E4875C /* REWebView.swift in Sources */ = {isa = PBXBuildFile; fileRef = B578F25E2704C5A600E4875C /* REWebView.swift */; };
		B578F2612704C5BF00E4875C /* WebServerManager.swift in Sources */ = {isa = PBXBuildFile; fileRef = B578F2602704C5BF00E4875C /* WebServerManager.swift */; };
		B578F2652704C63100E4875C /* UDPManager.swift in Sources */ = {isa = PBXBuildFile; fileRef = B578F2622704C62F00E4875C /* UDPManager.swift */; };
		B578F2662704C63100E4875C /* FileDownloadManager.swift in Sources */ = {isa = PBXBuildFile; fileRef = B578F2632704C63000E4875C /* FileDownloadManager.swift */; };
		B578F2672704C63100E4875C /* DeviceStateManager.swift in Sources */ = {isa = PBXBuildFile; fileRef = B578F2642704C63100E4875C /* DeviceStateManager.swift */; };
		B578F2692704C67700E4875C /* VideoRecordingManager.swift in Sources */ = {isa = PBXBuildFile; fileRef = B578F2682704C67700E4875C /* VideoRecordingManager.swift */; };
		B578F26B2704C6A300E4875C /* ARManager.swift in Sources */ = {isa = PBXBuildFile; fileRef = B578F26A2704C6A300E4875C /* ARManager.swift */; };
		B578F26D2704C76600E4875C /* SceneDelegate.swift in Sources */ = {isa = PBXBuildFile; fileRef = B578F26C2704C76500E4875C /* SceneDelegate.swift */; };
		B578F26F2704C80D00E4875C /* VuforiaEngine.framework in Frameworks */ = {isa = PBXBuildFile; fileRef = B578F26E2704C80D00E4875C /* VuforiaEngine.framework */; };
		B578F2702704E38A00E4875C /* VuforiaEngine.framework in Embed Frameworks */ = {isa = PBXBuildFile; fileRef = B578F26E2704C80D00E4875C /* VuforiaEngine.framework */; settings = {ATTRIBUTES = (CodeSignOnCopy, RemoveHeadersOnCopy, ); }; };
		B9ED0143F1F7FFD5390F81D8 /* Pods_Vuforia_Spatial_Toolbox.framework in Frameworks */ = {isa = PBXBuildFile; fileRef = 4C61AA94AEC19B8B5307AF63 /* Pods_Vuforia_Spatial_Toolbox.framework */; };
/* End PBXBuildFile section */

/* Begin PBXCopyFilesBuildPhase section */
		4304599720F7D02900B54215 /* Embed Frameworks */ = {
			isa = PBXCopyFilesBuildPhase;
			buildActionMask = 2147483647;
			dstPath = "";
			dstSubfolderSpec = 10;
			files = (
				B578F2702704E38A00E4875C /* VuforiaEngine.framework in Embed Frameworks */,
				43ADDCE12214784900E5BB36 /* NodeMobile.framework in Embed Frameworks */,
			);
			name = "Embed Frameworks";
			runOnlyForDeploymentPostprocessing = 0;
		};
/* End PBXCopyFilesBuildPhase section */

/* Begin PBXFileReference section */
		15D2F59CA93BAE880871DC0A /* Pods-Vuforia Spatial Toolbox.debug.xcconfig */ = {isa = PBXFileReference; includeInIndex = 1; lastKnownFileType = text.xcconfig; name = "Pods-Vuforia Spatial Toolbox.debug.xcconfig"; path = "Pods/Target Support Files/Pods-Vuforia Spatial Toolbox/Pods-Vuforia Spatial Toolbox.debug.xcconfig"; sourceTree = "<group>"; };
		4304599D20F7DFDE00B54215 /* vuforiaKey.h */ = {isa = PBXFileReference; fileEncoding = 4; lastKnownFileType = sourcecode.c.h; path = vuforiaKey.h; sourceTree = "<group>"; };
		430D4DAA22832F60006E5CBF /* ReplayKit.framework */ = {isa = PBXFileReference; lastKnownFileType = wrapper.framework; name = ReplayKit.framework; path = System/Library/Frameworks/ReplayKit.framework; sourceTree = SDKROOT; };
		436CF091225693FB002E77C9 /* worldReferenceMarker */ = {isa = PBXFileReference; lastKnownFileType = folder; path = worldReferenceMarker; sourceTree = "<group>"; };
		437B8AEB21025108006720F5 /* AudioToolbox.framework */ = {isa = PBXFileReference; lastKnownFileType = wrapper.framework; name = AudioToolbox.framework; path = System/Library/Frameworks/AudioToolbox.framework; sourceTree = SDKROOT; };
		437C3BC724104FDA00B0F977 /* vuforia-spatial-edge-server */ = {isa = PBXFileReference; lastKnownFileType = folder; name = "vuforia-spatial-edge-server"; path = "bin/data/vuforia-spatial-edge-server"; sourceTree = SOURCE_ROOT; };
		43AD957E220E15AA00E5BB36 /* SpeechManager.h */ = {isa = PBXFileReference; lastKnownFileType = sourcecode.c.h; path = SpeechManager.h; sourceTree = "<group>"; };
		43AD957F220E15AA00E5BB36 /* SpeechManager.m */ = {isa = PBXFileReference; lastKnownFileType = sourcecode.c.objc; path = SpeechManager.m; sourceTree = "<group>"; };
		43AD9581220E172900E5BB36 /* Speech.framework */ = {isa = PBXFileReference; lastKnownFileType = wrapper.framework; name = Speech.framework; path = System/Library/Frameworks/Speech.framework; sourceTree = SDKROOT; };
		43AD9586221473AA00E5BB36 /* NodeRunner.h */ = {isa = PBXFileReference; fileEncoding = 4; lastKnownFileType = sourcecode.c.h; path = NodeRunner.h; sourceTree = "<group>"; };
		43AD9587221473AA00E5BB36 /* NodeRunner.mm */ = {isa = PBXFileReference; fileEncoding = 4; lastKnownFileType = sourcecode.cpp.objcpp; path = NodeRunner.mm; sourceTree = "<group>"; };
		43ADDCDE2214784200E5BB36 /* NodeMobile.framework */ = {isa = PBXFileReference; lastKnownFileType = wrapper.framework; path = NodeMobile.framework; sourceTree = "<group>"; };
		43D0350920EAC02600AA1039 /* Vuforia Spatial Toolbox.app */ = {isa = PBXFileReference; explicitFileType = wrapper.application; includeInIndex = 0; path = "Vuforia Spatial Toolbox.app"; sourceTree = BUILT_PRODUCTS_DIR; };
		43D0351320EAC02600AA1039 /* Base */ = {isa = PBXFileReference; lastKnownFileType = file.storyboard; name = Base; path = Base.lproj/Main.storyboard; sourceTree = "<group>"; };
		43D0351820EAC02600AA1039 /* Base */ = {isa = PBXFileReference; lastKnownFileType = file.storyboard; name = Base; path = Base.lproj/LaunchScreen.storyboard; sourceTree = "<group>"; };
		43D0351A20EAC02600AA1039 /* Info.plist */ = {isa = PBXFileReference; lastKnownFileType = text.plist.xml; path = Info.plist; sourceTree = "<group>"; };
		43D0355720EAC1FE00AA1039 /* WebKit.framework */ = {isa = PBXFileReference; lastKnownFileType = wrapper.framework; name = WebKit.framework; path = System/Library/Frameworks/WebKit.framework; sourceTree = SDKROOT; };
		4C61AA94AEC19B8B5307AF63 /* Pods_Vuforia_Spatial_Toolbox.framework */ = {isa = PBXFileReference; explicitFileType = wrapper.framework; includeInIndex = 0; path = Pods_Vuforia_Spatial_Toolbox.framework; sourceTree = BUILT_PRODUCTS_DIR; };
		8F95EB11AD202237717B3485 /* Pods-Vuforia Spatial Toolbox.release.xcconfig */ = {isa = PBXFileReference; includeInIndex = 1; lastKnownFileType = text.xcconfig; name = "Pods-Vuforia Spatial Toolbox.release.xcconfig"; path = "Pods/Target Support Files/Pods-Vuforia Spatial Toolbox/Pods-Vuforia Spatial Toolbox.release.xcconfig"; sourceTree = "<group>"; };
		A7EE6C752218853B00F60723 /* Images.xcassets */ = {isa = PBXFileReference; lastKnownFileType = folder.assetcatalog; path = Images.xcassets; sourceTree = "<group>"; };
		B578F2392704C07F00E4875C /* MemoryStream.h */ = {isa = PBXFileReference; fileEncoding = 4; lastKnownFileType = sourcecode.c.h; path = MemoryStream.h; sourceTree = "<group>"; };
		B578F23A2704C07F00E4875C /* AppController.h */ = {isa = PBXFileReference; fileEncoding = 4; lastKnownFileType = sourcecode.c.h; path = AppController.h; sourceTree = "<group>"; };
		B578F23B2704C07F00E4875C /* AppController.cpp */ = {isa = PBXFileReference; fileEncoding = 4; lastKnownFileType = sourcecode.cpp.cpp; path = AppController.cpp; sourceTree = "<group>"; };
		B578F23C2704C07F00E4875C /* VuMatrixToString.h */ = {isa = PBXFileReference; fileEncoding = 4; lastKnownFileType = sourcecode.c.h; path = VuMatrixToString.h; sourceTree = "<group>"; };
		B578F23D2704C07F00E4875C /* Log.h */ = {isa = PBXFileReference; fileEncoding = 4; lastKnownFileType = sourcecode.c.h; path = Log.h; sourceTree = "<group>"; };
		B578F23E2704C07F00E4875C /* VuMatrixToString.cpp */ = {isa = PBXFileReference; fileEncoding = 4; lastKnownFileType = sourcecode.cpp.cpp; path = VuMatrixToString.cpp; sourceTree = "<group>"; };
		B578F23F2704C07F00E4875C /* TrackableObservation.h */ = {isa = PBXFileReference; fileEncoding = 4; lastKnownFileType = sourcecode.c.h; path = TrackableObservation.h; sourceTree = "<group>"; };
		B578F2402704C07F00E4875C /* Models.h */ = {isa = PBXFileReference; fileEncoding = 4; lastKnownFileType = sourcecode.c.h; path = Models.h; sourceTree = "<group>"; };
		B578F2412704C07F00E4875C /* tiny_obj_loader.cpp */ = {isa = PBXFileReference; fileEncoding = 4; lastKnownFileType = sourcecode.cpp.cpp; path = tiny_obj_loader.cpp; sourceTree = "<group>"; };
		B578F2422704C07F00E4875C /* tiny_obj_loader.h */ = {isa = PBXFileReference; fileEncoding = 4; lastKnownFileType = sourcecode.c.h; path = tiny_obj_loader.h; sourceTree = "<group>"; };
		B578F2472704C08800E4875C /* VisibleTargets.mm */ = {isa = PBXFileReference; fileEncoding = 4; lastKnownFileType = sourcecode.cpp.objcpp; path = VisibleTargets.mm; sourceTree = "<group>"; };
		B578F2482704C08800E4875C /* MetalRenderer.swift */ = {isa = PBXFileReference; fileEncoding = 4; lastKnownFileType = sourcecode.swift; path = MetalRenderer.swift; sourceTree = "<group>"; };
		B578F2492704C08800E4875C /* VuforiaWrapper.mm */ = {isa = PBXFileReference; fileEncoding = 4; lastKnownFileType = sourcecode.cpp.objcpp; path = VuforiaWrapper.mm; sourceTree = "<group>"; };
		B578F24A2704C08800E4875C /* shaders.metal */ = {isa = PBXFileReference; fileEncoding = 4; lastKnownFileType = sourcecode.metal; path = shaders.metal; sourceTree = "<group>"; };
		B578F24B2704C08800E4875C /* VuforiaViewController.swift */ = {isa = PBXFileReference; fileEncoding = 4; lastKnownFileType = sourcecode.swift; path = VuforiaViewController.swift; sourceTree = "<group>"; };
		B578F24C2704C08800E4875C /* VuforiaView.swift */ = {isa = PBXFileReference; fileEncoding = 4; lastKnownFileType = sourcecode.swift; path = VuforiaView.swift; sourceTree = "<group>"; };
		B578F24D2704C08800E4875C /* VisibleTargets.h */ = {isa = PBXFileReference; fileEncoding = 4; lastKnownFileType = sourcecode.c.h; path = VisibleTargets.h; sourceTree = "<group>"; };
		B578F24E2704C08800E4875C /* VuforiaWrapper.h */ = {isa = PBXFileReference; fileEncoding = 4; lastKnownFileType = sourcecode.c.h; path = VuforiaWrapper.h; sourceTree = "<group>"; };
		B578F2572704C39100E4875C /* Vuforia Spatial Toolbox-Bridging-Header.h */ = {isa = PBXFileReference; lastKnownFileType = sourcecode.c.h; path = "Vuforia Spatial Toolbox-Bridging-Header.h"; sourceTree = "<group>"; };
		B578F2582704C4CC00E4875C /* AppDelegate.swift */ = {isa = PBXFileReference; fileEncoding = 4; lastKnownFileType = sourcecode.swift; path = AppDelegate.swift; sourceTree = "<group>"; };
		B578F25A2704C4FF00E4875C /* MainViewController.swift */ = {isa = PBXFileReference; fileEncoding = 4; lastKnownFileType = sourcecode.swift; path = MainViewController.swift; sourceTree = "<group>"; };
		B578F25C2704C50F00E4875C /* JavaScriptAPIHandler.swift */ = {isa = PBXFileReference; fileEncoding = 4; lastKnownFileType = sourcecode.swift; path = JavaScriptAPIHandler.swift; sourceTree = "<group>"; };
		B578F25E2704C5A600E4875C /* REWebView.swift */ = {isa = PBXFileReference; fileEncoding = 4; lastKnownFileType = sourcecode.swift; path = REWebView.swift; sourceTree = "<group>"; };
		B578F2602704C5BF00E4875C /* WebServerManager.swift */ = {isa = PBXFileReference; fileEncoding = 4; lastKnownFileType = sourcecode.swift; path = WebServerManager.swift; sourceTree = "<group>"; };
		B578F2622704C62F00E4875C /* UDPManager.swift */ = {isa = PBXFileReference; fileEncoding = 4; lastKnownFileType = sourcecode.swift; path = UDPManager.swift; sourceTree = "<group>"; };
		B578F2632704C63000E4875C /* FileDownloadManager.swift */ = {isa = PBXFileReference; fileEncoding = 4; lastKnownFileType = sourcecode.swift; path = FileDownloadManager.swift; sourceTree = "<group>"; };
		B578F2642704C63100E4875C /* DeviceStateManager.swift */ = {isa = PBXFileReference; fileEncoding = 4; lastKnownFileType = sourcecode.swift; path = DeviceStateManager.swift; sourceTree = "<group>"; };
		B578F2682704C67700E4875C /* VideoRecordingManager.swift */ = {isa = PBXFileReference; fileEncoding = 4; lastKnownFileType = sourcecode.swift; path = VideoRecordingManager.swift; sourceTree = "<group>"; };
		B578F26A2704C6A300E4875C /* ARManager.swift */ = {isa = PBXFileReference; fileEncoding = 4; lastKnownFileType = sourcecode.swift; path = ARManager.swift; sourceTree = "<group>"; };
		B578F26C2704C76500E4875C /* SceneDelegate.swift */ = {isa = PBXFileReference; fileEncoding = 4; lastKnownFileType = sourcecode.swift; path = SceneDelegate.swift; sourceTree = "<group>"; };
		B578F26E2704C80D00E4875C /* VuforiaEngine.framework */ = {isa = PBXFileReference; lastKnownFileType = wrapper.framework; path = VuforiaEngine.framework; sourceTree = "<group>"; };
/* End PBXFileReference section */

/* Begin PBXFrameworksBuildPhase section */
		43D0350620EAC02600AA1039 /* Frameworks */ = {
			isa = PBXFrameworksBuildPhase;
			buildActionMask = 2147483647;
			files = (
				430D4DAB22832F60006E5CBF /* ReplayKit.framework in Frameworks */,
				43AD9582220E172900E5BB36 /* Speech.framework in Frameworks */,
				437B8AEC21025108006720F5 /* AudioToolbox.framework in Frameworks */,
				4304599420F7D01F00B54215 /* WebKit.framework in Frameworks */,
				43ADDCE02214784900E5BB36 /* NodeMobile.framework in Frameworks */,
				B9ED0143F1F7FFD5390F81D8 /* Pods_Vuforia_Spatial_Toolbox.framework in Frameworks */,
				B578F26F2704C80D00E4875C /* VuforiaEngine.framework in Frameworks */,
			);
			runOnlyForDeploymentPostprocessing = 0;
		};
/* End PBXFrameworksBuildPhase section */

/* Begin PBXGroup section */
		436CF090225693EB002E77C9 /* resources */ = {
			isa = PBXGroup;
			children = (
				436CF091225693FB002E77C9 /* worldReferenceMarker */,
			);
			path = resources;
			sourceTree = "<group>";
		};
		437C3BC624104FC800B0F977 /* Server */ = {
			isa = PBXGroup;
			children = (
				437C3BC724104FDA00B0F977 /* vuforia-spatial-edge-server */,
			);
			path = Server;
			sourceTree = "<group>";
		};
		43AD95852214738700E5BB36 /* NodeJS */ = {
			isa = PBXGroup;
			children = (
				43AD9586221473AA00E5BB36 /* NodeRunner.h */,
				43AD9587221473AA00E5BB36 /* NodeRunner.mm */,
			);
			path = NodeJS;
			sourceTree = "<group>";
		};
		43ADDCEA2215DBA400E5BB36 /* AR */ = {
			isa = PBXGroup;
			children = (
				B578F26A2704C6A300E4875C /* ARManager.swift */,
				B578F2462704C08800E4875C /* iOS */,
				B578F2382704C07F00E4875C /* CrossPlatform */,
				4304599D20F7DFDE00B54215 /* vuforiaKey.h */,
			);
			name = AR;
			sourceTree = "<group>";
		};
		43D0350020EAC02600AA1039 = {
			isa = PBXGroup;
			children = (
				43D0350B20EAC02600AA1039 /* Vuforia Spatial Toolbox */,
				43D0350A20EAC02600AA1039 /* Products */,
				43D0355620EAC1FD00AA1039 /* Frameworks */,
				C63ADFA54088049FC8073EE6 /* Pods */,
			);
			sourceTree = "<group>";
		};
		43D0350A20EAC02600AA1039 /* Products */ = {
			isa = PBXGroup;
			children = (
				43D0350920EAC02600AA1039 /* Vuforia Spatial Toolbox.app */,
			);
			name = Products;
			sourceTree = "<group>";
		};
		43D0350B20EAC02600AA1039 /* Vuforia Spatial Toolbox */ = {
			isa = PBXGroup;
			children = (
				B578F2572704C39100E4875C /* Vuforia Spatial Toolbox-Bridging-Header.h */,
				437C3BC624104FC800B0F977 /* Server */,
				436CF090225693EB002E77C9 /* resources */,
				A7EE6C752218853B00F60723 /* Images.xcassets */,
				43ADDCEA2215DBA400E5BB36 /* AR */,
				43AD95852214738700E5BB36 /* NodeJS */,
				B578F2582704C4CC00E4875C /* AppDelegate.swift */,
				B578F26C2704C76500E4875C /* SceneDelegate.swift */,
				B578F25A2704C4FF00E4875C /* MainViewController.swift */,
				B578F25C2704C50F00E4875C /* JavaScriptAPIHandler.swift */,
				43D0352220EAC09A00AA1039 /* WebView */,
				43AD957E220E15AA00E5BB36 /* SpeechManager.h */,
				43AD957F220E15AA00E5BB36 /* SpeechManager.m */,
				B578F2642704C63100E4875C /* DeviceStateManager.swift */,
				B578F2632704C63000E4875C /* FileDownloadManager.swift */,
				B578F2622704C62F00E4875C /* UDPManager.swift */,
				B578F2682704C67700E4875C /* VideoRecordingManager.swift */,
				43D0351220EAC02600AA1039 /* Main.storyboard */,
				43D0351720EAC02600AA1039 /* LaunchScreen.storyboard */,
				43D0351A20EAC02600AA1039 /* Info.plist */,
			);
			path = "Vuforia Spatial Toolbox";
			sourceTree = "<group>";
		};
		43D0352220EAC09A00AA1039 /* WebView */ = {
			isa = PBXGroup;
			children = (
				B578F2602704C5BF00E4875C /* WebServerManager.swift */,
				B578F25E2704C5A600E4875C /* REWebView.swift */,
			);
			path = WebView;
			sourceTree = "<group>";
		};
		43D0355620EAC1FD00AA1039 /* Frameworks */ = {
			isa = PBXGroup;
			children = (
				B578F26E2704C80D00E4875C /* VuforiaEngine.framework */,
				430D4DAA22832F60006E5CBF /* ReplayKit.framework */,
				43ADDCDE2214784200E5BB36 /* NodeMobile.framework */,
				43AD9581220E172900E5BB36 /* Speech.framework */,
				437B8AEB21025108006720F5 /* AudioToolbox.framework */,
				43D0355720EAC1FE00AA1039 /* WebKit.framework */,
				4C61AA94AEC19B8B5307AF63 /* Pods_Vuforia_Spatial_Toolbox.framework */,
			);
			name = Frameworks;
			sourceTree = "<group>";
		};
		B578F2382704C07F00E4875C /* CrossPlatform */ = {
			isa = PBXGroup;
			children = (
				B578F2392704C07F00E4875C /* MemoryStream.h */,
				B578F23A2704C07F00E4875C /* AppController.h */,
				B578F23B2704C07F00E4875C /* AppController.cpp */,
				B578F23C2704C07F00E4875C /* VuMatrixToString.h */,
				B578F23D2704C07F00E4875C /* Log.h */,
				B578F23E2704C07F00E4875C /* VuMatrixToString.cpp */,
				B578F23F2704C07F00E4875C /* TrackableObservation.h */,
				B578F2402704C07F00E4875C /* Models.h */,
				B578F2412704C07F00E4875C /* tiny_obj_loader.cpp */,
				B578F2422704C07F00E4875C /* tiny_obj_loader.h */,
			);
			path = CrossPlatform;
			sourceTree = "<group>";
		};
		B578F2462704C08800E4875C /* iOS */ = {
			isa = PBXGroup;
			children = (
				B578F2472704C08800E4875C /* VisibleTargets.mm */,
				B578F2482704C08800E4875C /* MetalRenderer.swift */,
				B578F2492704C08800E4875C /* VuforiaWrapper.mm */,
				B578F24A2704C08800E4875C /* shaders.metal */,
				B578F24B2704C08800E4875C /* VuforiaViewController.swift */,
				B578F24C2704C08800E4875C /* VuforiaView.swift */,
				B578F24D2704C08800E4875C /* VisibleTargets.h */,
				B578F24E2704C08800E4875C /* VuforiaWrapper.h */,
			);
			path = iOS;
			sourceTree = "<group>";
		};
		C63ADFA54088049FC8073EE6 /* Pods */ = {
			isa = PBXGroup;
			children = (
				15D2F59CA93BAE880871DC0A /* Pods-Vuforia Spatial Toolbox.debug.xcconfig */,
				8F95EB11AD202237717B3485 /* Pods-Vuforia Spatial Toolbox.release.xcconfig */,
			);
			name = Pods;
			sourceTree = "<group>";
		};
/* End PBXGroup section */

/* Begin PBXNativeTarget section */
		43D0350820EAC02600AA1039 /* Vuforia Spatial Toolbox */ = {
			isa = PBXNativeTarget;
			buildConfigurationList = 43D0351F20EAC02600AA1039 /* Build configuration list for PBXNativeTarget "Vuforia Spatial Toolbox" */;
			buildPhases = (
				3B214A985EBE26C27BE31ED4 /* [CP] Check Pods Manifest.lock */,
				43D0350520EAC02600AA1039 /* Sources */,
				43D0350620EAC02600AA1039 /* Frameworks */,
				43D0350720EAC02600AA1039 /* Resources */,
				43D041A420EACACB00AA1039 /* ShellScript */,
				4304599720F7D02900B54215 /* Embed Frameworks */,
				FB5C829B10EB10A229ABCFD1 /* [CP] Embed Pods Frameworks */,
			);
			buildRules = (
			);
			dependencies = (
			);
			name = "Vuforia Spatial Toolbox";
			productName = "Reality Editor iOS";
			productReference = 43D0350920EAC02600AA1039 /* Vuforia Spatial Toolbox.app */;
			productType = "com.apple.product-type.application";
		};
/* End PBXNativeTarget section */

/* Begin PBXProject section */
		43D0350120EAC02600AA1039 /* Project object */ = {
			isa = PBXProject;
			attributes = {
				LastUpgradeCheck = 0940;
				ORGANIZATIONNAME = "Reality Lab";
				TargetAttributes = {
					43D0350820EAC02600AA1039 = {
						CreatedOnToolsVersion = 9.2;
						ProvisioningStyle = Automatic;
						SystemCapabilities = {
							com.apple.BackgroundModes = {
								enabled = 0;
							};
						};
					};
				};
			};
			buildConfigurationList = 43D0350420EAC02600AA1039 /* Build configuration list for PBXProject "Vuforia Spatial Toolbox" */;
			compatibilityVersion = "Xcode 8.0";
			developmentRegion = en;
			hasScannedForEncodings = 0;
			knownRegions = (
				en,
				Base,
			);
			mainGroup = 43D0350020EAC02600AA1039;
			productRefGroup = 43D0350A20EAC02600AA1039 /* Products */;
			projectDirPath = "";
			projectRoot = "";
			targets = (
				43D0350820EAC02600AA1039 /* Vuforia Spatial Toolbox */,
			);
		};
/* End PBXProject section */

/* Begin PBXResourcesBuildPhase section */
		43D0350720EAC02600AA1039 /* Resources */ = {
			isa = PBXResourcesBuildPhase;
			buildActionMask = 2147483647;
			files = (
				43D0351920EAC02600AA1039 /* LaunchScreen.storyboard in Resources */,
				43D0351420EAC02600AA1039 /* Main.storyboard in Resources */,
				A7EE6C762218853B00F60723 /* Images.xcassets in Resources */,
				437C3BC824104FDA00B0F977 /* vuforia-spatial-edge-server in Resources */,
				436CF092225693FB002E77C9 /* worldReferenceMarker in Resources */,
			);
			runOnlyForDeploymentPostprocessing = 0;
		};
/* End PBXResourcesBuildPhase section */

/* Begin PBXShellScriptBuildPhase section */
		3B214A985EBE26C27BE31ED4 /* [CP] Check Pods Manifest.lock */ = {
			isa = PBXShellScriptBuildPhase;
			buildActionMask = 2147483647;
			files = (
			);
			inputPaths = (
				"${PODS_PODFILE_DIR_PATH}/Podfile.lock",
				"${PODS_ROOT}/Manifest.lock",
			);
			name = "[CP] Check Pods Manifest.lock";
			outputPaths = (
				"$(DERIVED_FILE_DIR)/Pods-Vuforia Spatial Toolbox-checkManifestLockResult.txt",
			);
			runOnlyForDeploymentPostprocessing = 0;
			shellPath = /bin/sh;
			shellScript = "diff \"${PODS_PODFILE_DIR_PATH}/Podfile.lock\" \"${PODS_ROOT}/Manifest.lock\" > /dev/null\nif [ $? != 0 ] ; then\n    # print error to STDERR\n    echo \"error: The sandbox is not in sync with the Podfile.lock. Run 'pod install' or update your CocoaPods installation.\" >&2\n    exit 1\nfi\n# This output is used by Xcode 'outputs' to avoid re-running this script phase.\necho \"SUCCESS\" > \"${SCRIPT_OUTPUT_FILE_0}\"\n";
			showEnvVarsInLog = 0;
		};
		43D041A420EACACB00AA1039 /* ShellScript */ = {
			isa = PBXShellScriptBuildPhase;
			buildActionMask = 2147483647;
			files = (
			);
			inputPaths = (
			);
			outputPaths = (
			);
			runOnlyForDeploymentPostprocessing = 0;
			shellPath = /bin/sh;
			shellScript = "rsync -avz --exclude=\".*\" \"${SRCROOT}/bin/data/\" \"${TARGET_BUILD_DIR}/${UNLOCALIZED_RESOURCES_FOLDER_PATH}\"\n";
		};
		FB5C829B10EB10A229ABCFD1 /* [CP] Embed Pods Frameworks */ = {
			isa = PBXShellScriptBuildPhase;
			buildActionMask = 2147483647;
			files = (
			);
			inputPaths = (
				"${PODS_ROOT}/Target Support Files/Pods-Vuforia Spatial Toolbox/Pods-Vuforia Spatial Toolbox-frameworks.sh",
				"${BUILT_PRODUCTS_DIR}/AFNetworking/AFNetworking.framework",
				"${BUILT_PRODUCTS_DIR}/CocoaAsyncSocket/CocoaAsyncSocket.framework",
			);
			name = "[CP] Embed Pods Frameworks";
			outputPaths = (
				"${TARGET_BUILD_DIR}/${FRAMEWORKS_FOLDER_PATH}/AFNetworking.framework",
				"${TARGET_BUILD_DIR}/${FRAMEWORKS_FOLDER_PATH}/CocoaAsyncSocket.framework",
			);
			runOnlyForDeploymentPostprocessing = 0;
			shellPath = /bin/sh;
			shellScript = "\"${PODS_ROOT}/Target Support Files/Pods-Vuforia Spatial Toolbox/Pods-Vuforia Spatial Toolbox-frameworks.sh\"\n";
			showEnvVarsInLog = 0;
		};
/* End PBXShellScriptBuildPhase section */

/* Begin PBXSourcesBuildPhase section */
		43D0350520EAC02600AA1039 /* Sources */ = {
			isa = PBXSourcesBuildPhase;
			buildActionMask = 2147483647;
			files = (
				B578F25D2704C51000E4875C /* JavaScriptAPIHandler.swift in Sources */,
				B578F25B2704C50000E4875C /* MainViewController.swift in Sources */,
				B578F2512704C08800E4875C /* VuforiaWrapper.mm in Sources */,
				B578F2672704C63100E4875C /* DeviceStateManager.swift in Sources */,
				B578F2662704C63100E4875C /* FileDownloadManager.swift in Sources */,
				B578F2532704C08800E4875C /* VuforiaViewController.swift in Sources */,
				B578F2692704C67700E4875C /* VideoRecordingManager.swift in Sources */,
				B578F26D2704C76600E4875C /* SceneDelegate.swift in Sources */,
				B578F24F2704C08800E4875C /* VisibleTargets.mm in Sources */,
				B578F2432704C07F00E4875C /* AppController.cpp in Sources */,
				B578F2452704C07F00E4875C /* tiny_obj_loader.cpp in Sources */,
				B578F25F2704C5A600E4875C /* REWebView.swift in Sources */,
				B578F2612704C5BF00E4875C /* WebServerManager.swift in Sources */,
				B578F2522704C08800E4875C /* shaders.metal in Sources */,
				43AD9580220E15AA00E5BB36 /* SpeechManager.m in Sources */,
				B578F2442704C07F00E4875C /* VuMatrixToString.cpp in Sources */,
				B578F26B2704C6A300E4875C /* ARManager.swift in Sources */,
				B578F2502704C08800E4875C /* MetalRenderer.swift in Sources */,
				B578F2592704C4CC00E4875C /* AppDelegate.swift in Sources */,
				B578F2542704C08800E4875C /* VuforiaView.swift in Sources */,
				B578F2652704C63100E4875C /* UDPManager.swift in Sources */,
				43AD9588221473AA00E5BB36 /* NodeRunner.mm in Sources */,
			);
			runOnlyForDeploymentPostprocessing = 0;
		};
/* End PBXSourcesBuildPhase section */

/* Begin PBXVariantGroup section */
		43D0351220EAC02600AA1039 /* Main.storyboard */ = {
			isa = PBXVariantGroup;
			children = (
				43D0351320EAC02600AA1039 /* Base */,
			);
			name = Main.storyboard;
			sourceTree = "<group>";
		};
		43D0351720EAC02600AA1039 /* LaunchScreen.storyboard */ = {
			isa = PBXVariantGroup;
			children = (
				43D0351820EAC02600AA1039 /* Base */,
			);
			name = LaunchScreen.storyboard;
			sourceTree = "<group>";
		};
/* End PBXVariantGroup section */

/* Begin XCBuildConfiguration section */
		43D0351D20EAC02600AA1039 /* Debug */ = {
			isa = XCBuildConfiguration;
			buildSettings = {
				ALWAYS_SEARCH_USER_PATHS = NO;
				CLANG_ANALYZER_NONNULL = YES;
				CLANG_ANALYZER_NUMBER_OBJECT_CONVERSION = YES_AGGRESSIVE;
				CLANG_CXX_LANGUAGE_STANDARD = "gnu++14";
				CLANG_CXX_LIBRARY = "libc++";
				CLANG_ENABLE_MODULES = YES;
				CLANG_ENABLE_OBJC_ARC = YES;
				CLANG_WARN_BLOCK_CAPTURE_AUTORELEASING = YES;
				CLANG_WARN_BOOL_CONVERSION = YES;
				CLANG_WARN_COMMA = YES;
				CLANG_WARN_CONSTANT_CONVERSION = YES;
				CLANG_WARN_DEPRECATED_OBJC_IMPLEMENTATIONS = YES;
				CLANG_WARN_DIRECT_OBJC_ISA_USAGE = YES_ERROR;
				CLANG_WARN_DOCUMENTATION_COMMENTS = YES;
				CLANG_WARN_EMPTY_BODY = YES;
				CLANG_WARN_ENUM_CONVERSION = YES;
				CLANG_WARN_INFINITE_RECURSION = YES;
				CLANG_WARN_INT_CONVERSION = YES;
				CLANG_WARN_NON_LITERAL_NULL_CONVERSION = YES;
				CLANG_WARN_OBJC_IMPLICIT_RETAIN_SELF = YES;
				CLANG_WARN_OBJC_LITERAL_CONVERSION = YES;
				CLANG_WARN_OBJC_ROOT_CLASS = YES_ERROR;
				CLANG_WARN_RANGE_LOOP_ANALYSIS = YES;
				CLANG_WARN_STRICT_PROTOTYPES = YES;
				CLANG_WARN_SUSPICIOUS_MOVE = YES;
				CLANG_WARN_UNGUARDED_AVAILABILITY = YES_AGGRESSIVE;
				CLANG_WARN_UNREACHABLE_CODE = YES;
				CLANG_WARN__DUPLICATE_METHOD_MATCH = YES;
				CODE_SIGN_IDENTITY = "iPhone Developer";
				COPY_PHASE_STRIP = NO;
				DEBUG_INFORMATION_FORMAT = dwarf;
				ENABLE_STRICT_OBJC_MSGSEND = YES;
				ENABLE_TESTABILITY = YES;
				GCC_C_LANGUAGE_STANDARD = gnu11;
				GCC_DYNAMIC_NO_PIC = NO;
				GCC_NO_COMMON_BLOCKS = YES;
				GCC_OPTIMIZATION_LEVEL = 0;
				GCC_PREPROCESSOR_DEFINITIONS = (
					"DEBUG=1",
					"$(inherited)",
				);
				GCC_WARN_64_TO_32_BIT_CONVERSION = YES;
				GCC_WARN_ABOUT_RETURN_TYPE = YES_ERROR;
				GCC_WARN_UNDECLARED_SELECTOR = YES;
				GCC_WARN_UNINITIALIZED_AUTOS = YES_AGGRESSIVE;
				GCC_WARN_UNUSED_FUNCTION = YES;
				GCC_WARN_UNUSED_VARIABLE = YES;
				IPHONEOS_DEPLOYMENT_TARGET = 11.2;
				MTL_ENABLE_DEBUG_INFO = YES;
				ONLY_ACTIVE_ARCH = YES;
				SDKROOT = iphoneos;
				VALID_ARCHS = "arm64 arm64e";
			};
			name = Debug;
		};
		43D0351E20EAC02600AA1039 /* Release */ = {
			isa = XCBuildConfiguration;
			buildSettings = {
				ALWAYS_SEARCH_USER_PATHS = NO;
				CLANG_ANALYZER_NONNULL = YES;
				CLANG_ANALYZER_NUMBER_OBJECT_CONVERSION = YES_AGGRESSIVE;
				CLANG_CXX_LANGUAGE_STANDARD = "gnu++14";
				CLANG_CXX_LIBRARY = "libc++";
				CLANG_ENABLE_MODULES = YES;
				CLANG_ENABLE_OBJC_ARC = YES;
				CLANG_WARN_BLOCK_CAPTURE_AUTORELEASING = YES;
				CLANG_WARN_BOOL_CONVERSION = YES;
				CLANG_WARN_COMMA = YES;
				CLANG_WARN_CONSTANT_CONVERSION = YES;
				CLANG_WARN_DEPRECATED_OBJC_IMPLEMENTATIONS = YES;
				CLANG_WARN_DIRECT_OBJC_ISA_USAGE = YES_ERROR;
				CLANG_WARN_DOCUMENTATION_COMMENTS = YES;
				CLANG_WARN_EMPTY_BODY = YES;
				CLANG_WARN_ENUM_CONVERSION = YES;
				CLANG_WARN_INFINITE_RECURSION = YES;
				CLANG_WARN_INT_CONVERSION = YES;
				CLANG_WARN_NON_LITERAL_NULL_CONVERSION = YES;
				CLANG_WARN_OBJC_IMPLICIT_RETAIN_SELF = YES;
				CLANG_WARN_OBJC_LITERAL_CONVERSION = YES;
				CLANG_WARN_OBJC_ROOT_CLASS = YES_ERROR;
				CLANG_WARN_RANGE_LOOP_ANALYSIS = YES;
				CLANG_WARN_STRICT_PROTOTYPES = YES;
				CLANG_WARN_SUSPICIOUS_MOVE = YES;
				CLANG_WARN_UNGUARDED_AVAILABILITY = YES_AGGRESSIVE;
				CLANG_WARN_UNREACHABLE_CODE = YES;
				CLANG_WARN__DUPLICATE_METHOD_MATCH = YES;
				CODE_SIGN_IDENTITY = "iPhone Developer";
				COPY_PHASE_STRIP = NO;
				DEBUG_INFORMATION_FORMAT = "dwarf-with-dsym";
				ENABLE_NS_ASSERTIONS = NO;
				ENABLE_STRICT_OBJC_MSGSEND = YES;
				GCC_C_LANGUAGE_STANDARD = gnu11;
				GCC_NO_COMMON_BLOCKS = YES;
				GCC_WARN_64_TO_32_BIT_CONVERSION = YES;
				GCC_WARN_ABOUT_RETURN_TYPE = YES_ERROR;
				GCC_WARN_UNDECLARED_SELECTOR = YES;
				GCC_WARN_UNINITIALIZED_AUTOS = YES_AGGRESSIVE;
				GCC_WARN_UNUSED_FUNCTION = YES;
				GCC_WARN_UNUSED_VARIABLE = YES;
				IPHONEOS_DEPLOYMENT_TARGET = 11.2;
				MTL_ENABLE_DEBUG_INFO = NO;
				SDKROOT = iphoneos;
				VALIDATE_PRODUCT = YES;
				VALID_ARCHS = "arm64 arm64e";
			};
			name = Release;
		};
		43D0352020EAC02600AA1039 /* Debug */ = {
			isa = XCBuildConfiguration;
			baseConfigurationReference = 15D2F59CA93BAE880871DC0A /* Pods-Vuforia Spatial Toolbox.debug.xcconfig */;
			buildSettings = {
				ASSETCATALOG_COMPILER_APPICON_NAME = AppIcon;
				ASSETCATALOG_COMPILER_LAUNCHIMAGE_NAME = LaunchImage;
				CLANG_ADDRESS_SANITIZER_CONTAINER_OVERFLOW = NO;
				CODE_SIGN_ENTITLEMENTS = VSTMulticastAdded.xcent;
				CODE_SIGN_IDENTITY = "iPhone Developer";
				CODE_SIGN_STYLE = Automatic;
				COPY_PHASE_STRIP = NO;
				DEVELOPMENT_TEAM = 3KS9B887BK;
				ENABLE_BITCODE = NO;
				FRAMEWORK_SEARCH_PATHS = (
					"$(inherited)",
					"$(PROJECT_DIR)",
				);
				GCC_GENERATE_DEBUGGING_SYMBOLS = YES;
				INFOPLIST_FILE = "Vuforia Spatial Toolbox/Info.plist";
				IPHONEOS_DEPLOYMENT_TARGET = 14.1;
				LD_RUNPATH_SEARCH_PATHS = "$(inherited) @executable_path/Frameworks";
				LIBRARY_SEARCH_PATHS = (
					"$(inherited)",
					"$(PROJECT_DIR)/Reality\\ Server/RE-server/node_modules/sharp/vendor/lib",
					"$(PROJECT_DIR)/Reality\\ Server/RE-server/node_modules/sharp/vendor/lib",
					"$(PROJECT_DIR)/Reality\\ Server/RE-server/node_modules/sharp/vendor/lib",
					"$(PROJECT_DIR)/Reality\\ Server/RE-server/node_modules/sharp/vendor/lib",
					"$(PROJECT_DIR)/Reality\\ Server/RE-server/node_modules/sharp/vendor/lib",
					"$(PROJECT_DIR)/Reality\\ Server/RE-server/node_modules/sharp/vendor/lib",
					"$(PROJECT_DIR)/Reality\\ Server/RE-server/node_modules/sharp/vendor/lib",
					"$(PROJECT_DIR)/Reality\\ Server/RE-server/node_modules/sharp/vendor/lib",
					"$(PROJECT_DIR)/Reality\\ Server/RE-server/node_modules/sharp/vendor/lib",
					"$(PROJECT_DIR)/Reality\\ Server/RE-server/node_modules/sharp/vendor/lib",
					"$(PROJECT_DIR)/Reality\\ Server/RE-server/node_modules/sharp/vendor/lib",
					"$(PROJECT_DIR)/Reality\\ Server/RE-server/node_modules/sharp/vendor/lib",
					"$(PROJECT_DIR)/Reality\\ Server/RE-server/node_modules/sharp/vendor/lib",
					"$(PROJECT_DIR)/Reality\\ Server/RE-server/node_modules/sharp/vendor/lib",
					"$(PROJECT_DIR)/Reality\\ Server/RE-server/node_modules/sharp/vendor/lib",
					"$(PROJECT_DIR)/Reality\\ Server/RE-server/node_modules/sharp/vendor/lib",
					"$(PROJECT_DIR)/Reality\\ Server/RE-server/node_modules/sharp/vendor/lib",
					"$(PROJECT_DIR)/Reality\\ Server/RE-server/node_modules/sharp/vendor/lib",
					"$(PROJECT_DIR)/Reality\\ Server/RE-server/node_modules/sharp/vendor/lib",
					"$(PROJECT_DIR)/Reality\\ Server/RE-server/node_modules/sharp/vendor/lib",
					"$(PROJECT_DIR)/Reality\\ Server/RE-server/node_modules/sharp/vendor/lib",
					"$(PROJECT_DIR)/Reality\\ Server/RE-server/node_modules/sharp/vendor/lib",
					"$(PROJECT_DIR)/Reality\\ Server/RE-server/node_modules/sharp/vendor/lib",
					"$(PROJECT_DIR)/Reality\\ Server/RE-server/node_modules/sharp/vendor/lib",
					"$(PROJECT_DIR)/Reality\\ Server/RE-server/node_modules/sharp/vendor/lib",
					"$(PROJECT_DIR)/Reality\\ Server/RE-server/node_modules/sharp/vendor/lib",
					"$(PROJECT_DIR)/Reality\\ Server/RE-server/node_modules/sharp/vendor/lib",
					"$(PROJECT_DIR)/Reality\\ Server/RE-server/node_modules/sharp/vendor/lib",
					"$(PROJECT_DIR)/Reality\\ Server/RE-server/node_modules/sharp/vendor/lib",
					"$(PROJECT_DIR)/Reality\\ Server/RE-server/node_modules/sharp/vendor/lib",
					"$(PROJECT_DIR)/Reality\\ Server/RE-server/node_modules/sharp/vendor/lib",
					"$(PROJECT_DIR)/Reality\\ Server/RE-server/node_modules/sharp/vendor/lib",
					"$(PROJECT_DIR)/Reality\\ Server/RE-server/node_modules/sharp/vendor/lib",
					"$(PROJECT_DIR)/Reality\\ Server/RE-server/node_modules/sharp/vendor/lib",
					"$(PROJECT_DIR)/Reality\\ Server/RE-server/node_modules/sharp/vendor/lib",
					"$(PROJECT_DIR)/Reality\\ Server/RE-server/node_modules/sharp/vendor/lib",
					"$(PROJECT_DIR)/Reality\\ Server/RE-server/node_modules/sharp/vendor/lib",
					"$(PROJECT_DIR)/Reality\\ Server/RE-server/node_modules/sharp/vendor/lib",
					"$(PROJECT_DIR)/Reality\\ Server/RE-server/node_modules/sharp/vendor/lib",
					"$(PROJECT_DIR)/Reality\\ Server/RE-server/node_modules/sharp/vendor/lib",
					"$(PROJECT_DIR)/Reality\\ Server/RE-server/node_modules/sharp/vendor/lib",
					"$(PROJECT_DIR)/Reality\\ Server/RE-server/node_modules/sharp/vendor/lib",
					"$(PROJECT_DIR)/Reality\\ Server/RE-server/node_modules/sharp/vendor/lib",
					"$(PROJECT_DIR)/Reality\\ Server/RE-server/node_modules/sharp/vendor/lib",
					"$(PROJECT_DIR)/Reality\\ Server/RE-server/node_modules/sharp/vendor/lib",
					"$(PROJECT_DIR)/Reality\\ Server/RE-server/node_modules/sharp/vendor/lib",
					"$(PROJECT_DIR)/Reality\\ Server/RE-server/node_modules/sharp/vendor/lib",
					"$(PROJECT_DIR)/Reality\\ Server/RE-server/node_modules/sharp/vendor/lib",
					"$(PROJECT_DIR)/Reality\\ Server/RE-server/node_modules/sharp/vendor/lib",
				);
				PRODUCT_BUNDLE_IDENTIFIER = com.ptc.spatialtoolbox;
				PRODUCT_NAME = "Vuforia Spatial Toolbox";
				PROVISIONING_PROFILE_SPECIFIER = "";
				SWIFT_OBJC_BRIDGING_HEADER = "/Users/Ben/Documents/github/vuforia-spatial-toolbox-ios/Vuforia Spatial Toolbox/Vuforia Spatial Toolbox-Bridging-Header.h";
				SWIFT_VERSION = 5.0;
				TARGETED_DEVICE_FAMILY = "1,2";
				VALID_ARCHS = "arm64 arm64e";
			};
			name = Debug;
		};
		43D0352120EAC02600AA1039 /* Release */ = {
			isa = XCBuildConfiguration;
			baseConfigurationReference = 8F95EB11AD202237717B3485 /* Pods-Vuforia Spatial Toolbox.release.xcconfig */;
			buildSettings = {
				ASSETCATALOG_COMPILER_APPICON_NAME = AppIcon;
				ASSETCATALOG_COMPILER_LAUNCHIMAGE_NAME = LaunchImage;
				CLANG_ADDRESS_SANITIZER_CONTAINER_OVERFLOW = NO;
				CODE_SIGN_ENTITLEMENTS = VSTMulticastAdded.xcent;
				CODE_SIGN_IDENTITY = "iPhone Developer";
				CODE_SIGN_STYLE = Automatic;
				COPY_PHASE_STRIP = NO;
				DEVELOPMENT_TEAM = 3KS9B887BK;
				ENABLE_BITCODE = NO;
				ENABLE_NS_ASSERTIONS = NO;
				FRAMEWORK_SEARCH_PATHS = (
					"$(inherited)",
					"$(PROJECT_DIR)",
				);
				GCC_GENERATE_DEBUGGING_SYMBOLS = YES;
				GCC_OPTIMIZATION_LEVEL = s;
				INFOPLIST_FILE = "Vuforia Spatial Toolbox/Info.plist";
				IPHONEOS_DEPLOYMENT_TARGET = 14.1;
				LD_RUNPATH_SEARCH_PATHS = "$(inherited) @executable_path/Frameworks";
				LIBRARY_SEARCH_PATHS = (
					"$(inherited)",
					"$(PROJECT_DIR)/Reality\\ Server/RE-server/node_modules/sharp/vendor/lib",
					"$(PROJECT_DIR)/Reality\\ Server/RE-server/node_modules/sharp/vendor/lib",
					"$(PROJECT_DIR)/Reality\\ Server/RE-server/node_modules/sharp/vendor/lib",
					"$(PROJECT_DIR)/Reality\\ Server/RE-server/node_modules/sharp/vendor/lib",
					"$(PROJECT_DIR)/Reality\\ Server/RE-server/node_modules/sharp/vendor/lib",
					"$(PROJECT_DIR)/Reality\\ Server/RE-server/node_modules/sharp/vendor/lib",
					"$(PROJECT_DIR)/Reality\\ Server/RE-server/node_modules/sharp/vendor/lib",
					"$(PROJECT_DIR)/Reality\\ Server/RE-server/node_modules/sharp/vendor/lib",
					"$(PROJECT_DIR)/Reality\\ Server/RE-server/node_modules/sharp/vendor/lib",
					"$(PROJECT_DIR)/Reality\\ Server/RE-server/node_modules/sharp/vendor/lib",
					"$(PROJECT_DIR)/Reality\\ Server/RE-server/node_modules/sharp/vendor/lib",
					"$(PROJECT_DIR)/Reality\\ Server/RE-server/node_modules/sharp/vendor/lib",
					"$(PROJECT_DIR)/Reality\\ Server/RE-server/node_modules/sharp/vendor/lib",
					"$(PROJECT_DIR)/Reality\\ Server/RE-server/node_modules/sharp/vendor/lib",
					"$(PROJECT_DIR)/Reality\\ Server/RE-server/node_modules/sharp/vendor/lib",
					"$(PROJECT_DIR)/Reality\\ Server/RE-server/node_modules/sharp/vendor/lib",
					"$(PROJECT_DIR)/Reality\\ Server/RE-server/node_modules/sharp/vendor/lib",
					"$(PROJECT_DIR)/Reality\\ Server/RE-server/node_modules/sharp/vendor/lib",
					"$(PROJECT_DIR)/Reality\\ Server/RE-server/node_modules/sharp/vendor/lib",
					"$(PROJECT_DIR)/Reality\\ Server/RE-server/node_modules/sharp/vendor/lib",
					"$(PROJECT_DIR)/Reality\\ Server/RE-server/node_modules/sharp/vendor/lib",
					"$(PROJECT_DIR)/Reality\\ Server/RE-server/node_modules/sharp/vendor/lib",
					"$(PROJECT_DIR)/Reality\\ Server/RE-server/node_modules/sharp/vendor/lib",
					"$(PROJECT_DIR)/Reality\\ Server/RE-server/node_modules/sharp/vendor/lib",
					"$(PROJECT_DIR)/Reality\\ Server/RE-server/node_modules/sharp/vendor/lib",
					"$(PROJECT_DIR)/Reality\\ Server/RE-server/node_modules/sharp/vendor/lib",
					"$(PROJECT_DIR)/Reality\\ Server/RE-server/node_modules/sharp/vendor/lib",
					"$(PROJECT_DIR)/Reality\\ Server/RE-server/node_modules/sharp/vendor/lib",
					"$(PROJECT_DIR)/Reality\\ Server/RE-server/node_modules/sharp/vendor/lib",
					"$(PROJECT_DIR)/Reality\\ Server/RE-server/node_modules/sharp/vendor/lib",
					"$(PROJECT_DIR)/Reality\\ Server/RE-server/node_modules/sharp/vendor/lib",
					"$(PROJECT_DIR)/Reality\\ Server/RE-server/node_modules/sharp/vendor/lib",
					"$(PROJECT_DIR)/Reality\\ Server/RE-server/node_modules/sharp/vendor/lib",
					"$(PROJECT_DIR)/Reality\\ Server/RE-server/node_modules/sharp/vendor/lib",
					"$(PROJECT_DIR)/Reality\\ Server/RE-server/node_modules/sharp/vendor/lib",
					"$(PROJECT_DIR)/Reality\\ Server/RE-server/node_modules/sharp/vendor/lib",
					"$(PROJECT_DIR)/Reality\\ Server/RE-server/node_modules/sharp/vendor/lib",
					"$(PROJECT_DIR)/Reality\\ Server/RE-server/node_modules/sharp/vendor/lib",
					"$(PROJECT_DIR)/Reality\\ Server/RE-server/node_modules/sharp/vendor/lib",
					"$(PROJECT_DIR)/Reality\\ Server/RE-server/node_modules/sharp/vendor/lib",
					"$(PROJECT_DIR)/Reality\\ Server/RE-server/node_modules/sharp/vendor/lib",
					"$(PROJECT_DIR)/Reality\\ Server/RE-server/node_modules/sharp/vendor/lib",
					"$(PROJECT_DIR)/Reality\\ Server/RE-server/node_modules/sharp/vendor/lib",
					"$(PROJECT_DIR)/Reality\\ Server/RE-server/node_modules/sharp/vendor/lib",
					"$(PROJECT_DIR)/Reality\\ Server/RE-server/node_modules/sharp/vendor/lib",
					"$(PROJECT_DIR)/Reality\\ Server/RE-server/node_modules/sharp/vendor/lib",
					"$(PROJECT_DIR)/Reality\\ Server/RE-server/node_modules/sharp/vendor/lib",
					"$(PROJECT_DIR)/Reality\\ Server/RE-server/node_modules/sharp/vendor/lib",
					"$(PROJECT_DIR)/Reality\\ Server/RE-server/node_modules/sharp/vendor/lib",
				);
				PRODUCT_BUNDLE_IDENTIFIER = com.ptc.spatialtoolbox;
				PRODUCT_NAME = "Vuforia Spatial Toolbox";
				PROVISIONING_PROFILE_SPECIFIER = "";
				SWIFT_OBJC_BRIDGING_HEADER = "/Users/Ben/Documents/github/vuforia-spatial-toolbox-ios/Vuforia Spatial Toolbox/Vuforia Spatial Toolbox-Bridging-Header.h";
				SWIFT_VERSION = 5.0;
				TARGETED_DEVICE_FAMILY = "1,2";
				VALID_ARCHS = "arm64 arm64e";
			};
			name = Release;
		};
/* End XCBuildConfiguration section */

/* Begin XCConfigurationList section */
		43D0350420EAC02600AA1039 /* Build configuration list for PBXProject "Vuforia Spatial Toolbox" */ = {
			isa = XCConfigurationList;
			buildConfigurations = (
				43D0351D20EAC02600AA1039 /* Debug */,
				43D0351E20EAC02600AA1039 /* Release */,
			);
			defaultConfigurationIsVisible = 0;
			defaultConfigurationName = Release;
		};
		43D0351F20EAC02600AA1039 /* Build configuration list for PBXNativeTarget "Vuforia Spatial Toolbox" */ = {
			isa = XCConfigurationList;
			buildConfigurations = (
				43D0352020EAC02600AA1039 /* Debug */,
				43D0352120EAC02600AA1039 /* Release */,
			);
			defaultConfigurationIsVisible = 0;
			defaultConfigurationName = Release;
		};
/* End XCConfigurationList section */
	};
	rootObject = 43D0350120EAC02600AA1039 /* Project object */;
}
