PODS:
  - AFNetworking/NSURLSession (3.2.1):
    - AFNetworking/Reachability
    - AFNetworking/Security
    - AFNetworking/Serialization
  - AFNetworking/Reachability (3.2.1)
  - AFNetworking/Security (3.2.1)
  - AFNetworking/Serialization (3.2.1)
  - CocoaAsyncSocket (7.6.3)

DEPENDENCIES:
  - AFNetworking/NSURLSession (~> 3.0)
  - CocoaAsyncSocket

SPEC REPOS:
  https://github.com/CocoaPods/Specs.git:
    - AFNetworking
    - CocoaAsyncSocket

SPEC CHECKSUMS:
  AFNetworking: b6f891fdfaed196b46c7a83cf209e09697b94057
  CocoaAsyncSocket: eafaa68a7e0ec99ead0a7b35015e0bf25d2c8987

PODFILE CHECKSUM: 4eb2b783265d1283b4d1aed1e2e10c18911a0c2a

COCOAPODS: 1.9.3
