// !$*UTF8*$!
{
	archiveVersion = 1;
	classes = {
	};
	objectVersion = 47;
	objects = {

/* Begin PBXBuildFile section */
		1D60589F0D05DD5A006BFB54 /* Foundation.framework in Frameworks */ = {isa = PBXBuildFile; fileRef = 1D30AB110D05D00D00671497 /* Foundation.framework */; };
		1DF5F4E00D08C38300B7A737 /* UIKit.framework in Frameworks */ = {isa = PBXBuildFile; fileRef = 1DF5F4DF0D08C38300B7A737 /* UIKit.framework */; };
		288765FD0DF74451002DB57D /* CoreGraphics.framework in Frameworks */ = {isa = PBXBuildFile; fileRef = 288765FC0DF74451002DB57D /* CoreGraphics.framework */; };
		436CC0641FAA24D40021BA20 /* SpeechInterface.mm in Sources */ = {isa = PBXBuildFile; fileRef = 436CC0621FAA24D40021BA20 /* SpeechInterface.mm */; };
		436CC0661FAA25820021BA20 /* Speech.framework in Frameworks */ = {isa = PBXBuildFile; fileRef = 436CC0651FAA25810021BA20 /* Speech.framework */; };
		511FEF001E09F15000BB06AB /* ImagePartSource.mm in Sources */ = {isa = PBXBuildFile; fileRef = 511FEEFC1E09F15000BB06AB /* ImagePartSource.mm */; };
		511FEF011E09F15000BB06AB /* MemoryUploader.mm in Sources */ = {isa = PBXBuildFile; fileRef = 511FEEFE1E09F15000BB06AB /* MemoryUploader.mm */; };
		51BA97591EDC6FC60041A67F /* QCAR_assets in Resources */ = {isa = PBXBuildFile; fileRef = 51BA97581EDC6FC60041A67F /* QCAR_assets */; };
		5326AEA810A23A0500278DE6 /* CoreLocation.framework in Frameworks */ = {isa = PBXBuildFile; fileRef = 5326AEA710A23A0500278DE6 /* CoreLocation.framework */; };
		53F323EB10A20EDB00E0DAE4 /* OpenAL.framework in Frameworks */ = {isa = PBXBuildFile; fileRef = 53F323EA10A20EDB00E0DAE4 /* OpenAL.framework */; };
		5D4278CD1E4E5CBC009F8A5D /* LocalAuthentication.framework in Frameworks */ = {isa = PBXBuildFile; fileRef = 5D4278CC1E4E5CBC009F8A5D /* LocalAuthentication.framework */; };
		5DD5D1B91C90AC16001B8E53 /* ofxWebViewInterface.mm in Sources */ = {isa = PBXBuildFile; fileRef = 5DD5D1B81C90AC16001B8E53 /* ofxWebViewInterface.mm */; };
		5DD5D1BC1C90AF47001B8E53 /* ofxWebViewDelegate.mm in Sources */ = {isa = PBXBuildFile; fileRef = 5DD5D1BA1C90AF47001B8E53 /* ofxWebViewDelegate.mm */; };
		67DFA53619F92A69003B3434 /* Accelerate.framework in Frameworks */ = {isa = PBXBuildFile; fileRef = 67DFA53419F92A5E003B3434 /* Accelerate.framework */; };
		A704BEC91AFB442300E97FDC /* jsoncpp.cpp in Sources */ = {isa = PBXBuildFile; fileRef = A704BE961AFB442300E97FDC /* jsoncpp.cpp */; };
		A704BECB1AFB442300E97FDC /* ofxJSONElement.cpp in Sources */ = {isa = PBXBuildFile; fileRef = A704BE9A1AFB442300E97FDC /* ofxJSONElement.cpp */; };
		A704BECD1AFB442300E97FDC /* ofxTCPClient.cpp in Sources */ = {isa = PBXBuildFile; fileRef = A704BEA21AFB442300E97FDC /* ofxTCPClient.cpp */; };
		A704BECE1AFB442300E97FDC /* ofxTCPManager.cpp in Sources */ = {isa = PBXBuildFile; fileRef = A704BEA41AFB442300E97FDC /* ofxTCPManager.cpp */; };
		A704BECF1AFB442300E97FDC /* ofxTCPServer.cpp in Sources */ = {isa = PBXBuildFile; fileRef = A704BEA61AFB442300E97FDC /* ofxTCPServer.cpp */; };
		A704BED01AFB442300E97FDC /* ofxUDPManager.cpp in Sources */ = {isa = PBXBuildFile; fileRef = A704BEA81AFB442300E97FDC /* ofxUDPManager.cpp */; };
		A720E4891AFB3C7000B29F68 /* SystemConfiguration.framework in Frameworks */ = {isa = PBXBuildFile; fileRef = A720E4881AFB3C7000B29F68 /* SystemConfiguration.framework */; };
		A720E48B1AFB3C8600B29F68 /* Security.framework in Frameworks */ = {isa = PBXBuildFile; fileRef = A720E48A1AFB3C8600B29F68 /* Security.framework */; };
		A720E48D1AFB3C9000B29F68 /* CoreMotion.framework in Frameworks */ = {isa = PBXBuildFile; fileRef = A720E48C1AFB3C9000B29F68 /* CoreMotion.framework */; };
		A7BBB0081C95FBDA000AFAB6 /* libVuforia.a in Frameworks */ = {isa = PBXBuildFile; fileRef = A7BBAFFB1C95FBDA000AFAB6 /* libVuforia.a */; };
		A7BBB0091C95FBDA000AFAB6 /* ofxQCAR.mm in Sources */ = {isa = PBXBuildFile; fileRef = A7BBAFFE1C95FBDA000AFAB6 /* ofxQCAR.mm */; };
		A7BBB00A1C95FBDA000AFAB6 /* ofxQCAR_EAGLView.mm in Sources */ = {isa = PBXBuildFile; fileRef = A7BBB0011C95FBDA000AFAB6 /* ofxQCAR_EAGLView.mm */; };
		A7BBB00B1C95FBDA000AFAB6 /* ofxQCAR_ViewController.mm in Sources */ = {isa = PBXBuildFile; fileRef = A7BBB0031C95FBDA000AFAB6 /* ofxQCAR_ViewController.mm */; };
		A7BBB00C1C95FBDA000AFAB6 /* ofxVuforiaSession.mm in Sources */ = {isa = PBXBuildFile; fileRef = A7BBB0051C95FBDA000AFAB6 /* ofxVuforiaSession.mm */; };
		A7BC53221AFBC39E00B7D2C2 /* Default-568h@2x~iphone.png in Resources */ = {isa = PBXBuildFile; fileRef = A7BC52C01AFBC39E00B7D2C2 /* Default-568h@2x~iphone.png */; };
		A7BC53231AFBC39E00B7D2C2 /* Default-Landscape@2x~ipad.png in Resources */ = {isa = PBXBuildFile; fileRef = A7BC52C11AFBC39E00B7D2C2 /* Default-Landscape@2x~ipad.png */; };
		A7BC53241AFBC39E00B7D2C2 /* Default-Portrait@2x~ipad.png in Resources */ = {isa = PBXBuildFile; fileRef = A7BC52C21AFBC39E00B7D2C2 /* Default-Portrait@2x~ipad.png */; };
		A7BC53251AFBC39E00B7D2C2 /* Default-Portrait~ipad.png in Resources */ = {isa = PBXBuildFile; fileRef = A7BC52C31AFBC39E00B7D2C2 /* Default-Portrait~ipad.png */; };
		A7BC53261AFBC39E00B7D2C2 /* Default.png in Resources */ = {isa = PBXBuildFile; fileRef = A7BC52C41AFBC39E00B7D2C2 /* Default.png */; };
		A7BC53271AFBC39E00B7D2C2 /* Default@2x.png in Resources */ = {isa = PBXBuildFile; fileRef = A7BC52C51AFBC39E00B7D2C2 /* Default@2x.png */; };
		A7BC53281AFBC39E00B7D2C2 /* Default@2x~ipad.png in Resources */ = {isa = PBXBuildFile; fileRef = A7BC52C61AFBC39E00B7D2C2 /* Default@2x~ipad.png */; };
		A7BC53291AFBC39E00B7D2C2 /* Default@2x~iphone.png in Resources */ = {isa = PBXBuildFile; fileRef = A7BC52C71AFBC39E00B7D2C2 /* Default@2x~iphone.png */; };
		A7BC532A1AFBC39E00B7D2C2 /* Default~ipad.png in Resources */ = {isa = PBXBuildFile; fileRef = A7BC52C81AFBC39E00B7D2C2 /* Default~ipad.png */; };
		A7BC53351AFBC39E00B7D2C2 /* interface.png in Resources */ = {isa = PBXBuildFile; fileRef = A7BC52D31AFBC39E00B7D2C2 /* interface.png */; };
		A7BC53361AFBC39E00B7D2C2 /* object.png in Resources */ = {isa = PBXBuildFile; fileRef = A7BC52D41AFBC39E00B7D2C2 /* object.png */; };
		A7BC533D1AFBC39E00B7D2C2 /* verdana.ttf in Resources */ = {isa = PBXBuildFile; fileRef = A7BC52DC1AFBC39E00B7D2C2 /* verdana.ttf */; };
		A7BC537A1AFBC54C00B7D2C2 /* WebKit.framework in Frameworks */ = {isa = PBXBuildFile; fileRef = A7BC53791AFBC54C00B7D2C2 /* WebKit.framework */; };
		A7DE8BC11BCB397B00CC1525 /* tinyxml.cpp in Sources */ = {isa = PBXBuildFile; fileRef = A7DE8BBA1BCB397B00CC1525 /* tinyxml.cpp */; };
		A7DE8BC21BCB397B00CC1525 /* tinyxmlerror.cpp in Sources */ = {isa = PBXBuildFile; fileRef = A7DE8BBC1BCB397B00CC1525 /* tinyxmlerror.cpp */; };
		A7DE8BC31BCB397B00CC1525 /* tinyxmlparser.cpp in Sources */ = {isa = PBXBuildFile; fileRef = A7DE8BBD1BCB397B00CC1525 /* tinyxmlparser.cpp */; };
		A7DE8BC41BCB397B00CC1525 /* ofxXmlSettings.cpp in Sources */ = {isa = PBXBuildFile; fileRef = A7DE8BBF1BCB397B00CC1525 /* ofxXmlSettings.cpp */; };
		A7F3601F1B0FC37E001E8241 /* Images.xcassets in Resources */ = {isa = PBXBuildFile; fileRef = A7F3601E1B0FC37E001E8241 /* Images.xcassets */; };
		A7F3602D1B0FC3D7001E8241 /* Default-568h@2x~iphone_potrait.png in Resources */ = {isa = PBXBuildFile; fileRef = A7F360211B0FC3D7001E8241 /* Default-568h@2x~iphone_potrait.png */; };
		A7F3602E1B0FC3D7001E8241 /* Default-568h@2x~iphone.png in Resources */ = {isa = PBXBuildFile; fileRef = A7F360221B0FC3D7001E8241 /* Default-568h@2x~iphone.png */; };
		A7F3602F1B0FC3D7001E8241 /* Default-Landscape@2x~ipad.png in Resources */ = {isa = PBXBuildFile; fileRef = A7F360231B0FC3D7001E8241 /* Default-Landscape@2x~ipad.png */; };
		A7F360301B0FC3D7001E8241 /* Default-Portrait@2x~ipad.png in Resources */ = {isa = PBXBuildFile; fileRef = A7F360241B0FC3D7001E8241 /* Default-Portrait@2x~ipad.png */; };
		A7F360311B0FC3D7001E8241 /* Default-Portrait~ipad.png in Resources */ = {isa = PBXBuildFile; fileRef = A7F360251B0FC3D7001E8241 /* Default-Portrait~ipad.png */; };
		A7F360321B0FC3D7001E8241 /* Default.png in Resources */ = {isa = PBXBuildFile; fileRef = A7F360261B0FC3D7001E8241 /* Default.png */; };
		A7F360331B0FC3D7001E8241 /* Default@2x.png in Resources */ = {isa = PBXBuildFile; fileRef = A7F360271B0FC3D7001E8241 /* Default@2x.png */; };
		A7F360341B0FC3D7001E8241 /* Default@2x~ipad.png in Resources */ = {isa = PBXBuildFile; fileRef = A7F360281B0FC3D7001E8241 /* Default@2x~ipad.png */; };
		A7F360351B0FC3D7001E8241 /* Default@2x~iphone.png in Resources */ = {isa = PBXBuildFile; fileRef = A7F360291B0FC3D7001E8241 /* Default@2x~iphone.png */; };
		A7F360361B0FC3D7001E8241 /* Default~ipad.png in Resources */ = {isa = PBXBuildFile; fileRef = A7F3602A1B0FC3D7001E8241 /* Default~ipad.png */; };
		BB16EBD20F2B2A9500518274 /* OpenGLES.framework in Frameworks */ = {isa = PBXBuildFile; fileRef = BB16EBD10F2B2A9500518274 /* OpenGLES.framework */; };
		BB16EBD90F2B2AB500518274 /* QuartzCore.framework in Frameworks */ = {isa = PBXBuildFile; fileRef = BB16EBD80F2B2AB500518274 /* QuartzCore.framework */; };
		BBE5EAB80F49AD8400F28951 /* AudioToolbox.framework in Frameworks */ = {isa = PBXBuildFile; fileRef = BBE5EAB70F49AD8400F28951 /* AudioToolbox.framework */; };
		E41D400B13B39D2100A75A5D /* AVFoundation.framework in Frameworks */ = {isa = PBXBuildFile; fileRef = E41D400613B39D2100A75A5D /* AVFoundation.framework */; };
		E41D400C13B39D2100A75A5D /* CoreMedia.framework in Frameworks */ = {isa = PBXBuildFile; fileRef = E41D400713B39D2100A75A5D /* CoreMedia.framework */; };
		E41D400D13B39D2100A75A5D /* CoreVideo.framework in Frameworks */ = {isa = PBXBuildFile; fileRef = E41D400813B39D2100A75A5D /* CoreVideo.framework */; };
		E41D400E13B39D2100A75A5D /* MapKit.framework in Frameworks */ = {isa = PBXBuildFile; fileRef = E41D400913B39D2100A75A5D /* MapKit.framework */; };
		E41D421413B3A95300A75A5D /* libofxiOS_iphoneos_Debug.a in Frameworks */ = {isa = PBXBuildFile; fileRef = E41D410213B3A0D800A75A5D /* libofxiOS_iphoneos_Debug.a */; };
		E4D8936E11527B74007E1F53 /* main.mm in Sources */ = {isa = PBXBuildFile; fileRef = E4D8936B11527B74007E1F53 /* main.mm */; };
		E4D8936F11527B74007E1F53 /* realityEditor.mm in Sources */ = {isa = PBXBuildFile; fileRef = E4D8936D11527B74007E1F53 /* realityEditor.mm */; };
/* End PBXBuildFile section */

/* Begin PBXContainerItemProxy section */
		E41D410113B3A0D800A75A5D /* PBXContainerItemProxy */ = {
			isa = PBXContainerItemProxy;
			containerPortal = E41D40FD13B3A0D800A75A5D /* iOS+OFLib.xcodeproj */;
			proxyType = 2;
			remoteGlobalIDString = BB24DED610DA7A3F00E9C588;
			remoteInfo = "iPhone+OF Static Library";
		};
		E41D410313B3A11300A75A5D /* PBXContainerItemProxy */ = {
			isa = PBXContainerItemProxy;
			containerPortal = E41D40FD13B3A0D800A75A5D /* iOS+OFLib.xcodeproj */;
			proxyType = 1;
			remoteGlobalIDString = BB24DE5C10DA7A3F00E9C588;
			remoteInfo = "iPhone+OF Static Library";
		};
/* End PBXContainerItemProxy section */

/* Begin PBXFileReference section */
		1D30AB110D05D00D00671497 /* Foundation.framework */ = {isa = PBXFileReference; lastKnownFileType = wrapper.framework; name = Foundation.framework; path = System/Library/Frameworks/Foundation.framework; sourceTree = SDKROOT; };
		1D6058910D05DD3D006BFB54 /* openHybridEditor.app */ = {isa = PBXFileReference; explicitFileType = wrapper.application; includeInIndex = 0; path = openHybridEditor.app; sourceTree = BUILT_PRODUCTS_DIR; };
		1DF5F4DF0D08C38300B7A737 /* UIKit.framework */ = {isa = PBXFileReference; lastKnownFileType = wrapper.framework; name = UIKit.framework; path = System/Library/Frameworks/UIKit.framework; sourceTree = SDKROOT; };
		288765FC0DF74451002DB57D /* CoreGraphics.framework */ = {isa = PBXFileReference; lastKnownFileType = wrapper.framework; name = CoreGraphics.framework; path = System/Library/Frameworks/CoreGraphics.framework; sourceTree = SDKROOT; };
		32CA4F630368D1EE00C91783 /* ofxiOS_Prefix.pch */ = {isa = PBXFileReference; fileEncoding = 4; lastKnownFileType = sourcecode.c.h; path = ofxiOS_Prefix.pch; sourceTree = "<group>"; };
		436CC05B1FA905C00021BA20 /* vuforiaKey.h */ = {isa = PBXFileReference; lastKnownFileType = sourcecode.c.h; path = vuforiaKey.h; sourceTree = "<group>"; };
		436CC0621FAA24D40021BA20 /* SpeechInterface.mm */ = {isa = PBXFileReference; lastKnownFileType = sourcecode.cpp.objcpp; path = SpeechInterface.mm; sourceTree = "<group>"; };
		436CC0631FAA24D40021BA20 /* SpeechInterface.h */ = {isa = PBXFileReference; lastKnownFileType = sourcecode.c.h; path = SpeechInterface.h; sourceTree = "<group>"; };
		436CC0651FAA25810021BA20 /* Speech.framework */ = {isa = PBXFileReference; lastKnownFileType = wrapper.framework; name = Speech.framework; path = System/Library/Frameworks/Speech.framework; sourceTree = SDKROOT; };
		511FEEFB1E09F15000BB06AB /* ImagePartSource.h */ = {isa = PBXFileReference; fileEncoding = 4; lastKnownFileType = sourcecode.c.h; name = ImagePartSource.h; path = memory/ImagePartSource.h; sourceTree = "<group>"; };
		511FEEFC1E09F15000BB06AB /* ImagePartSource.mm */ = {isa = PBXFileReference; fileEncoding = 4; lastKnownFileType = sourcecode.cpp.objcpp; name = ImagePartSource.mm; path = memory/ImagePartSource.mm; sourceTree = "<group>"; };
		511FEEFD1E09F15000BB06AB /* MemoryUploader.h */ = {isa = PBXFileReference; fileEncoding = 4; lastKnownFileType = sourcecode.c.h; name = MemoryUploader.h; path = memory/MemoryUploader.h; sourceTree = "<group>"; };
		511FEEFE1E09F15000BB06AB /* MemoryUploader.mm */ = {isa = PBXFileReference; fileEncoding = 4; lastKnownFileType = sourcecode.cpp.objcpp; name = MemoryUploader.mm; path = memory/MemoryUploader.mm; sourceTree = "<group>"; };
		511FEEFF1E09F15000BB06AB /* QCARState.h */ = {isa = PBXFileReference; fileEncoding = 4; lastKnownFileType = sourcecode.c.h; name = QCARState.h; path = memory/QCARState.h; sourceTree = "<group>"; };
		51BA97581EDC6FC60041A67F /* QCAR_assets */ = {isa = PBXFileReference; lastKnownFileType = folder; path = QCAR_assets; sourceTree = "<group>"; };
		5326AEA710A23A0500278DE6 /* CoreLocation.framework */ = {isa = PBXFileReference; lastKnownFileType = wrapper.framework; name = CoreLocation.framework; path = System/Library/Frameworks/CoreLocation.framework; sourceTree = SDKROOT; };
		53F323EA10A20EDB00E0DAE4 /* OpenAL.framework */ = {isa = PBXFileReference; lastKnownFileType = wrapper.framework; name = OpenAL.framework; path = System/Library/Frameworks/OpenAL.framework; sourceTree = SDKROOT; };
		5D4278CC1E4E5CBC009F8A5D /* LocalAuthentication.framework */ = {isa = PBXFileReference; lastKnownFileType = wrapper.framework; name = LocalAuthentication.framework; path = System/Library/Frameworks/LocalAuthentication.framework; sourceTree = SDKROOT; };
		5D7D5D731C8F253F00DB49D6 /* ofxWebViewInterface.h */ = {isa = PBXFileReference; lastKnownFileType = sourcecode.c.h; path = ofxWebViewInterface.h; sourceTree = "<group>"; };
		5DD5D1B81C90AC16001B8E53 /* ofxWebViewInterface.mm */ = {isa = PBXFileReference; fileEncoding = 4; lastKnownFileType = sourcecode.cpp.objcpp; path = ofxWebViewInterface.mm; sourceTree = "<group>"; };
		5DD5D1BA1C90AF47001B8E53 /* ofxWebViewDelegate.mm */ = {isa = PBXFileReference; fileEncoding = 4; lastKnownFileType = sourcecode.cpp.objcpp; path = ofxWebViewDelegate.mm; sourceTree = "<group>"; };
		5DD5D1BB1C90AF47001B8E53 /* ofxWebViewDelegate.h */ = {isa = PBXFileReference; fileEncoding = 4; lastKnownFileType = sourcecode.c.h; path = ofxWebViewDelegate.h; sourceTree = "<group>"; };
		67DFA53419F92A5E003B3434 /* Accelerate.framework */ = {isa = PBXFileReference; lastKnownFileType = wrapper.framework; name = Accelerate.framework; path = System/Library/Frameworks/Accelerate.framework; sourceTree = SDKROOT; };
		A704BE931AFB442300E97FDC /* json-forwards.h */ = {isa = PBXFileReference; fileEncoding = 4; lastKnownFileType = sourcecode.c.h; path = "json-forwards.h"; sourceTree = "<group>"; };
		A704BE941AFB442300E97FDC /* json.h */ = {isa = PBXFileReference; fileEncoding = 4; lastKnownFileType = sourcecode.c.h; path = json.h; sourceTree = "<group>"; };
		A704BE961AFB442300E97FDC /* jsoncpp.cpp */ = {isa = PBXFileReference; fileEncoding = 4; lastKnownFileType = sourcecode.cpp.cpp; path = jsoncpp.cpp; sourceTree = "<group>"; };
		A704BE991AFB442300E97FDC /* ofxJSON.h */ = {isa = PBXFileReference; fileEncoding = 4; lastKnownFileType = sourcecode.c.h; path = ofxJSON.h; sourceTree = "<group>"; };
		A704BE9A1AFB442300E97FDC /* ofxJSONElement.cpp */ = {isa = PBXFileReference; fileEncoding = 4; lastKnownFileType = sourcecode.cpp.cpp; path = ofxJSONElement.cpp; sourceTree = "<group>"; };
		A704BE9B1AFB442300E97FDC /* ofxJSONElement.h */ = {isa = PBXFileReference; fileEncoding = 4; lastKnownFileType = sourcecode.c.h; path = ofxJSONElement.h; sourceTree = "<group>"; };
		A704BEA01AFB442300E97FDC /* ofxNetwork.h */ = {isa = PBXFileReference; fileEncoding = 4; lastKnownFileType = sourcecode.c.h; path = ofxNetwork.h; sourceTree = "<group>"; };
		A704BEA11AFB442300E97FDC /* ofxNetworkUtils.h */ = {isa = PBXFileReference; fileEncoding = 4; lastKnownFileType = sourcecode.c.h; path = ofxNetworkUtils.h; sourceTree = "<group>"; };
		A704BEA21AFB442300E97FDC /* ofxTCPClient.cpp */ = {isa = PBXFileReference; fileEncoding = 4; lastKnownFileType = sourcecode.cpp.cpp; path = ofxTCPClient.cpp; sourceTree = "<group>"; };
		A704BEA31AFB442300E97FDC /* ofxTCPClient.h */ = {isa = PBXFileReference; fileEncoding = 4; lastKnownFileType = sourcecode.c.h; path = ofxTCPClient.h; sourceTree = "<group>"; };
		A704BEA41AFB442300E97FDC /* ofxTCPManager.cpp */ = {isa = PBXFileReference; fileEncoding = 4; lastKnownFileType = sourcecode.cpp.cpp; path = ofxTCPManager.cpp; sourceTree = "<group>"; };
		A704BEA51AFB442300E97FDC /* ofxTCPManager.h */ = {isa = PBXFileReference; fileEncoding = 4; lastKnownFileType = sourcecode.c.h; path = ofxTCPManager.h; sourceTree = "<group>"; };
		A704BEA61AFB442300E97FDC /* ofxTCPServer.cpp */ = {isa = PBXFileReference; fileEncoding = 4; lastKnownFileType = sourcecode.cpp.cpp; path = ofxTCPServer.cpp; sourceTree = "<group>"; };
		A704BEA71AFB442300E97FDC /* ofxTCPServer.h */ = {isa = PBXFileReference; fileEncoding = 4; lastKnownFileType = sourcecode.c.h; path = ofxTCPServer.h; sourceTree = "<group>"; };
		A704BEA81AFB442300E97FDC /* ofxUDPManager.cpp */ = {isa = PBXFileReference; fileEncoding = 4; lastKnownFileType = sourcecode.cpp.cpp; path = ofxUDPManager.cpp; sourceTree = "<group>"; };
		A704BEA91AFB442300E97FDC /* ofxUDPManager.h */ = {isa = PBXFileReference; fileEncoding = 4; lastKnownFileType = sourcecode.c.h; path = ofxUDPManager.h; sourceTree = "<group>"; };
		A720E4881AFB3C7000B29F68 /* SystemConfiguration.framework */ = {isa = PBXFileReference; lastKnownFileType = wrapper.framework; name = SystemConfiguration.framework; path = System/Library/Frameworks/SystemConfiguration.framework; sourceTree = SDKROOT; };
		A720E48A1AFB3C8600B29F68 /* Security.framework */ = {isa = PBXFileReference; lastKnownFileType = wrapper.framework; name = Security.framework; path = System/Library/Frameworks/Security.framework; sourceTree = SDKROOT; };
		A720E48C1AFB3C9000B29F68 /* CoreMotion.framework */ = {isa = PBXFileReference; lastKnownFileType = wrapper.framework; name = CoreMotion.framework; path = System/Library/Frameworks/CoreMotion.framework; sourceTree = SDKROOT; };
		A7BBAFFB1C95FBDA000AFAB6 /* libVuforia.a */ = {isa = PBXFileReference; lastKnownFileType = archive.ar; path = libVuforia.a; sourceTree = "<group>"; };
		A7BBAFFD1C95FBDA000AFAB6 /* ofxQCAR.h */ = {isa = PBXFileReference; fileEncoding = 4; lastKnownFileType = sourcecode.c.h; path = ofxQCAR.h; sourceTree = "<group>"; };
		A7BBAFFE1C95FBDA000AFAB6 /* ofxQCAR.mm */ = {isa = PBXFileReference; fileEncoding = 4; lastKnownFileType = sourcecode.cpp.objcpp; path = ofxQCAR.mm; sourceTree = "<group>"; };
		A7BBAFFF1C95FBDA000AFAB6 /* ofxQCAR_App.h */ = {isa = PBXFileReference; fileEncoding = 4; lastKnownFileType = sourcecode.c.h; path = ofxQCAR_App.h; sourceTree = "<group>"; };
		A7BBB0001C95FBDA000AFAB6 /* ofxQCAR_EAGLView.h */ = {isa = PBXFileReference; fileEncoding = 4; lastKnownFileType = sourcecode.c.h; path = ofxQCAR_EAGLView.h; sourceTree = "<group>"; };
		A7BBB0011C95FBDA000AFAB6 /* ofxQCAR_EAGLView.mm */ = {isa = PBXFileReference; fileEncoding = 4; lastKnownFileType = sourcecode.cpp.objcpp; path = ofxQCAR_EAGLView.mm; sourceTree = "<group>"; };
		A7BBB0021C95FBDA000AFAB6 /* ofxQCAR_ViewController.h */ = {isa = PBXFileReference; fileEncoding = 4; lastKnownFileType = sourcecode.c.h; path = ofxQCAR_ViewController.h; sourceTree = "<group>"; };
		A7BBB0031C95FBDA000AFAB6 /* ofxQCAR_ViewController.mm */ = {isa = PBXFileReference; fileEncoding = 4; lastKnownFileType = sourcecode.cpp.objcpp; path = ofxQCAR_ViewController.mm; sourceTree = "<group>"; };
		A7BBB0041C95FBDA000AFAB6 /* ofxVuforiaSession.h */ = {isa = PBXFileReference; fileEncoding = 4; lastKnownFileType = sourcecode.c.h; path = ofxVuforiaSession.h; sourceTree = "<group>"; };
		A7BBB0051C95FBDA000AFAB6 /* ofxVuforiaSession.mm */ = {isa = PBXFileReference; fileEncoding = 4; lastKnownFileType = sourcecode.cpp.objcpp; path = ofxVuforiaSession.mm; sourceTree = "<group>"; };
		A7BC52C01AFBC39E00B7D2C2 /* Default-568h@2x~iphone.png */ = {isa = PBXFileReference; lastKnownFileType = image.png; path = "Default-568h@2x~iphone.png"; sourceTree = "<group>"; };
		A7BC52C11AFBC39E00B7D2C2 /* Default-Landscape@2x~ipad.png */ = {isa = PBXFileReference; lastKnownFileType = image.png; path = "Default-Landscape@2x~ipad.png"; sourceTree = "<group>"; };
		A7BC52C21AFBC39E00B7D2C2 /* Default-Portrait@2x~ipad.png */ = {isa = PBXFileReference; lastKnownFileType = image.png; path = "Default-Portrait@2x~ipad.png"; sourceTree = "<group>"; };
		A7BC52C31AFBC39E00B7D2C2 /* Default-Portrait~ipad.png */ = {isa = PBXFileReference; lastKnownFileType = image.png; path = "Default-Portrait~ipad.png"; sourceTree = "<group>"; };
		A7BC52C41AFBC39E00B7D2C2 /* Default.png */ = {isa = PBXFileReference; lastKnownFileType = image.png; path = Default.png; sourceTree = "<group>"; };
		A7BC52C51AFBC39E00B7D2C2 /* Default@2x.png */ = {isa = PBXFileReference; lastKnownFileType = image.png; path = "Default@2x.png"; sourceTree = "<group>"; };
		A7BC52C61AFBC39E00B7D2C2 /* Default@2x~ipad.png */ = {isa = PBXFileReference; lastKnownFileType = image.png; path = "Default@2x~ipad.png"; sourceTree = "<group>"; };
		A7BC52C71AFBC39E00B7D2C2 /* Default@2x~iphone.png */ = {isa = PBXFileReference; lastKnownFileType = image.png; path = "Default@2x~iphone.png"; sourceTree = "<group>"; };
		A7BC52C81AFBC39E00B7D2C2 /* Default~ipad.png */ = {isa = PBXFileReference; lastKnownFileType = image.png; path = "Default~ipad.png"; sourceTree = "<group>"; };
		A7BC52D31AFBC39E00B7D2C2 /* interface.png */ = {isa = PBXFileReference; lastKnownFileType = image.png; path = interface.png; sourceTree = "<group>"; };
		A7BC52D41AFBC39E00B7D2C2 /* object.png */ = {isa = PBXFileReference; lastKnownFileType = image.png; path = object.png; sourceTree = "<group>"; };
		A7BC52DC1AFBC39E00B7D2C2 /* verdana.ttf */ = {isa = PBXFileReference; lastKnownFileType = file; path = verdana.ttf; sourceTree = "<group>"; };
		A7BC53791AFBC54C00B7D2C2 /* WebKit.framework */ = {isa = PBXFileReference; lastKnownFileType = wrapper.framework; name = WebKit.framework; path = System/Library/Frameworks/WebKit.framework; sourceTree = SDKROOT; };
		A7DE8BBA1BCB397B00CC1525 /* tinyxml.cpp */ = {isa = PBXFileReference; fileEncoding = 4; lastKnownFileType = sourcecode.cpp.cpp; path = tinyxml.cpp; sourceTree = "<group>"; };
		A7DE8BBB1BCB397B00CC1525 /* tinyxml.h */ = {isa = PBXFileReference; fileEncoding = 4; lastKnownFileType = sourcecode.c.h; path = tinyxml.h; sourceTree = "<group>"; };
		A7DE8BBC1BCB397B00CC1525 /* tinyxmlerror.cpp */ = {isa = PBXFileReference; fileEncoding = 4; lastKnownFileType = sourcecode.cpp.cpp; path = tinyxmlerror.cpp; sourceTree = "<group>"; };
		A7DE8BBD1BCB397B00CC1525 /* tinyxmlparser.cpp */ = {isa = PBXFileReference; fileEncoding = 4; lastKnownFileType = sourcecode.cpp.cpp; path = tinyxmlparser.cpp; sourceTree = "<group>"; };
		A7DE8BBF1BCB397B00CC1525 /* ofxXmlSettings.cpp */ = {isa = PBXFileReference; fileEncoding = 4; lastKnownFileType = sourcecode.cpp.cpp; path = ofxXmlSettings.cpp; sourceTree = "<group>"; };
		A7DE8BC01BCB397B00CC1525 /* ofxXmlSettings.h */ = {isa = PBXFileReference; fileEncoding = 4; lastKnownFileType = sourcecode.c.h; path = ofxXmlSettings.h; sourceTree = "<group>"; };
		A7EA8A761F9FBD2400688BBD /* VideoBackgroundTextureInfo.h */ = {isa = PBXFileReference; lastKnownFileType = sourcecode.c.h; name = VideoBackgroundTextureInfo.h; path = ../../../qcar/include/QCAR/VideoBackgroundTextureInfo.h; sourceTree = "<group>"; };
		A7EA8A771F9FBD2500688BBD /* Eyewear.h */ = {isa = PBXFileReference; lastKnownFileType = sourcecode.c.h; name = Eyewear.h; path = ../../../qcar/include/QCAR/Eyewear.h; sourceTree = "<group>"; };
		A7EA8A781F9FBD2500688BBD /* QCAR_iOS.h */ = {isa = PBXFileReference; lastKnownFileType = sourcecode.c.h; name = QCAR_iOS.h; path = ../../../qcar/include/QCAR/QCAR_iOS.h; sourceTree = "<group>"; };
		A7EA8A791F9FBD2500688BBD /* TargetFinder.h */ = {isa = PBXFileReference; lastKnownFileType = sourcecode.c.h; name = TargetFinder.h; path = ../../../qcar/include/QCAR/TargetFinder.h; sourceTree = "<group>"; };
		A7EA8A7A1F9FBD2500688BBD /* SmartTerrainTracker.h */ = {isa = PBXFileReference; lastKnownFileType = sourcecode.c.h; name = SmartTerrainTracker.h; path = ../../../qcar/include/QCAR/SmartTerrainTracker.h; sourceTree = "<group>"; };
		A7EA8A7B1F9FBD2500688BBD /* TrackableResult.h */ = {isa = PBXFileReference; lastKnownFileType = sourcecode.c.h; name = TrackableResult.h; path = ../../../qcar/include/QCAR/TrackableResult.h; sourceTree = "<group>"; };
		A7EA8A7C1F9FBD2500688BBD /* System.h */ = {isa = PBXFileReference; lastKnownFileType = sourcecode.c.h; name = System.h; path = ../../../qcar/include/QCAR/System.h; sourceTree = "<group>"; };
		A7EA8A7D1F9FBD2500688BBD /* ObjectTarget.h */ = {isa = PBXFileReference; lastKnownFileType = sourcecode.c.h; name = ObjectTarget.h; path = ../../../qcar/include/QCAR/ObjectTarget.h; sourceTree = "<group>"; };
		A7EA8A7E1F9FBD2500688BBD /* WordList.h */ = {isa = PBXFileReference; lastKnownFileType = sourcecode.c.h; name = WordList.h; path = ../../../qcar/include/QCAR/WordList.h; sourceTree = "<group>"; };
		A7EA8A7F1F9FBD2500688BBD /* CylinderTarget.h */ = {isa = PBXFileReference; lastKnownFileType = sourcecode.c.h; name = CylinderTarget.h; path = ../../../qcar/include/QCAR/CylinderTarget.h; sourceTree = "<group>"; };
		A7EA8A801F9FBD2500688BBD /* TextTracker.h */ = {isa = PBXFileReference; lastKnownFileType = sourcecode.c.h; name = TextTracker.h; path = ../../../qcar/include/QCAR/TextTracker.h; sourceTree = "<group>"; };
		A7EA8A811F9FBD2500688BBD /* MultiTargetResult.h */ = {isa = PBXFileReference; lastKnownFileType = sourcecode.c.h; name = MultiTargetResult.h; path = ../../../qcar/include/QCAR/MultiTargetResult.h; sourceTree = "<group>"; };
		A7EA8A821F9FBD2500688BBD /* Area.h */ = {isa = PBXFileReference; lastKnownFileType = sourcecode.c.h; name = Area.h; path = ../../../qcar/include/QCAR/Area.h; sourceTree = "<group>"; };
		A7EA8A831F9FBD2500688BBD /* Renderer.h */ = {isa = PBXFileReference; lastKnownFileType = sourcecode.c.h; name = Renderer.h; path = ../../../qcar/include/QCAR/Renderer.h; sourceTree = "<group>"; };
		A7EA8A841F9FBD2500688BBD /* Tool.h */ = {isa = PBXFileReference; lastKnownFileType = sourcecode.c.h; name = Tool.h; path = ../../../qcar/include/QCAR/Tool.h; sourceTree = "<group>"; };
		A7EA8A851F9FBD2500688BBD /* EyewearUserCalibrator.h */ = {isa = PBXFileReference; lastKnownFileType = sourcecode.c.h; name = EyewearUserCalibrator.h; path = ../../../qcar/include/QCAR/EyewearUserCalibrator.h; sourceTree = "<group>"; };
		A7EA8A861F9FBD2500688BBD /* Prop.h */ = {isa = PBXFileReference; lastKnownFileType = sourcecode.c.h; name = Prop.h; path = ../../../qcar/include/QCAR/Prop.h; sourceTree = "<group>"; };
		A7EA8A871F9FBD2600688BBD /* SurfaceResult.h */ = {isa = PBXFileReference; lastKnownFileType = sourcecode.c.h; name = SurfaceResult.h; path = ../../../qcar/include/QCAR/SurfaceResult.h; sourceTree = "<group>"; };
		A7EA8A881F9FBD2600688BBD /* TrackableSource.h */ = {isa = PBXFileReference; lastKnownFileType = sourcecode.c.h; name = TrackableSource.h; path = ../../../qcar/include/QCAR/TrackableSource.h; sourceTree = "<group>"; };
		A7EA8A891F9FBD2600688BBD /* TrackerManager.h */ = {isa = PBXFileReference; lastKnownFileType = sourcecode.c.h; name = TrackerManager.h; path = ../../../qcar/include/QCAR/TrackerManager.h; sourceTree = "<group>"; };
		A7EA8A8A1F9FBD2600688BBD /* EyewearCalibrationProfileManager.h */ = {isa = PBXFileReference; lastKnownFileType = sourcecode.c.h; name = EyewearCalibrationProfileManager.h; path = ../../../qcar/include/QCAR/EyewearCalibrationProfileManager.h; sourceTree = "<group>"; };
		A7EA8A8B1F9FBD2600688BBD /* Trackable.h */ = {isa = PBXFileReference; lastKnownFileType = sourcecode.c.h; name = Trackable.h; path = ../../../qcar/include/QCAR/Trackable.h; sourceTree = "<group>"; };
		A7EA8A8C1F9FBD2600688BBD /* Type.h */ = {isa = PBXFileReference; lastKnownFileType = sourcecode.c.h; name = Type.h; path = ../../../qcar/include/QCAR/Type.h; sourceTree = "<group>"; };
		A7EA8A8D1F9FBD2600688BBD /* DataSet.h */ = {isa = PBXFileReference; lastKnownFileType = sourcecode.c.h; name = DataSet.h; path = ../../../qcar/include/QCAR/DataSet.h; sourceTree = "<group>"; };
		A7EA8A8E1F9FBD2600688BBD /* Obb3D.h */ = {isa = PBXFileReference; lastKnownFileType = sourcecode.c.h; name = Obb3D.h; path = ../../../qcar/include/QCAR/Obb3D.h; sourceTree = "<group>"; };
		A7EA8A8F1F9FBD2600688BBD /* Surface.h */ = {isa = PBXFileReference; lastKnownFileType = sourcecode.c.h; name = Surface.h; path = ../../../qcar/include/QCAR/Surface.h; sourceTree = "<group>"; };
		A7EA8A901F9FBD2600688BBD /* Marker.h */ = {isa = PBXFileReference; lastKnownFileType = sourcecode.c.h; name = Marker.h; path = ../../../qcar/include/QCAR/Marker.h; sourceTree = "<group>"; };
		A7EA8A911F9FBD2600688BBD /* UIGLViewProtocol.h */ = {isa = PBXFileReference; lastKnownFileType = sourcecode.c.h; name = UIGLViewProtocol.h; path = ../../../qcar/include/QCAR/UIGLViewProtocol.h; sourceTree = "<group>"; };
		A7EA8A921F9FBD2600688BBD /* EyewearCalibrationReading.h */ = {isa = PBXFileReference; lastKnownFileType = sourcecode.c.h; name = EyewearCalibrationReading.h; path = ../../../qcar/include/QCAR/EyewearCalibrationReading.h; sourceTree = "<group>"; };
		A7EA8A931F9FBD2600688BBD /* CameraCalibration.h */ = {isa = PBXFileReference; lastKnownFileType = sourcecode.c.h; name = CameraCalibration.h; path = ../../../qcar/include/QCAR/CameraCalibration.h; sourceTree = "<group>"; };
		A7EA8A941F9FBD2600688BBD /* ObjectTargetResult.h */ = {isa = PBXFileReference; lastKnownFileType = sourcecode.c.h; name = ObjectTargetResult.h; path = ../../../qcar/include/QCAR/ObjectTargetResult.h; sourceTree = "<group>"; };
		A7EA8A951F9FBD2600688BBD /* Reconstruction.h */ = {isa = PBXFileReference; lastKnownFileType = sourcecode.c.h; name = Reconstruction.h; path = ../../../qcar/include/QCAR/Reconstruction.h; sourceTree = "<group>"; };
		A7EA8A961F9FBD2600688BBD /* Mesh.h */ = {isa = PBXFileReference; lastKnownFileType = sourcecode.c.h; name = Mesh.h; path = ../../../qcar/include/QCAR/Mesh.h; sourceTree = "<group>"; };
		A7EA8A971F9FBD2600688BBD /* NonCopyable.h */ = {isa = PBXFileReference; lastKnownFileType = sourcecode.c.h; name = NonCopyable.h; path = ../../../qcar/include/QCAR/NonCopyable.h; sourceTree = "<group>"; };
		A7EA8A981F9FBD2600688BBD /* TargetSearchResult.h */ = {isa = PBXFileReference; lastKnownFileType = sourcecode.c.h; name = TargetSearchResult.h; path = ../../../qcar/include/QCAR/TargetSearchResult.h; sourceTree = "<group>"; };
		A7EA8A991F9FBD2700688BBD /* VideoBackgroundConfig.h */ = {isa = PBXFileReference; lastKnownFileType = sourcecode.c.h; name = VideoBackgroundConfig.h; path = ../../../qcar/include/QCAR/VideoBackgroundConfig.h; sourceTree = "<group>"; };
		A7EA8A9A1F9FBD2700688BBD /* Vectors.h */ = {isa = PBXFileReference; lastKnownFileType = sourcecode.c.h; name = Vectors.h; path = ../../../qcar/include/QCAR/Vectors.h; sourceTree = "<group>"; };
		A7EA8A9B1F9FBD2700688BBD /* EyeID.h */ = {isa = PBXFileReference; lastKnownFileType = sourcecode.c.h; name = EyeID.h; path = ../../../qcar/include/QCAR/EyeID.h; sourceTree = "<group>"; };
		A7EA8A9C1F9FBD2700688BBD /* MarkerTracker.h */ = {isa = PBXFileReference; lastKnownFileType = sourcecode.c.h; name = MarkerTracker.h; path = ../../../qcar/include/QCAR/MarkerTracker.h; sourceTree = "<group>"; };
		A7EA8A9D1F9FBD2700688BBD /* MultiTarget.h */ = {isa = PBXFileReference; lastKnownFileType = sourcecode.c.h; name = MultiTarget.h; path = ../../../qcar/include/QCAR/MultiTarget.h; sourceTree = "<group>"; };
		A7EA8A9E1F9FBD2700688BBD /* Box3D.h */ = {isa = PBXFileReference; lastKnownFileType = sourcecode.c.h; name = Box3D.h; path = ../../../qcar/include/QCAR/Box3D.h; sourceTree = "<group>"; };
		A7EA8A9F1F9FBD2700688BBD /* SmartTerrainTrackable.h */ = {isa = PBXFileReference; lastKnownFileType = sourcecode.c.h; name = SmartTerrainTrackable.h; path = ../../../qcar/include/QCAR/SmartTerrainTrackable.h; sourceTree = "<group>"; };
		A7EA8AA01F9FBD2700688BBD /* Image.h */ = {isa = PBXFileReference; lastKnownFileType = sourcecode.c.h; name = Image.h; path = ../../../qcar/include/QCAR/Image.h; sourceTree = "<group>"; };
		A7EA8AA11F9FBD2700688BBD /* ObjectTracker.h */ = {isa = PBXFileReference; lastKnownFileType = sourcecode.c.h; name = ObjectTracker.h; path = ../../../qcar/include/QCAR/ObjectTracker.h; sourceTree = "<group>"; };
		A7EA8AA21F9FBD2700688BBD /* Word.h */ = {isa = PBXFileReference; lastKnownFileType = sourcecode.c.h; name = Word.h; path = ../../../qcar/include/QCAR/Word.h; sourceTree = "<group>"; };
		A7EA8AA31F9FBD2700688BBD /* UpdateCallback.h */ = {isa = PBXFileReference; lastKnownFileType = sourcecode.c.h; name = UpdateCallback.h; path = ../../../qcar/include/QCAR/UpdateCallback.h; sourceTree = "<group>"; };
		A7EA8AA41F9FBD2700688BBD /* VideoMode.h */ = {isa = PBXFileReference; lastKnownFileType = sourcecode.c.h; name = VideoMode.h; path = ../../../qcar/include/QCAR/VideoMode.h; sourceTree = "<group>"; };
		A7EA8AA51F9FBD2700688BBD /* Obb2D.h */ = {isa = PBXFileReference; lastKnownFileType = sourcecode.c.h; name = Obb2D.h; path = ../../../qcar/include/QCAR/Obb2D.h; sourceTree = "<group>"; };
		A7EA8AA61F9FBD2700688BBD /* PropResult.h */ = {isa = PBXFileReference; lastKnownFileType = sourcecode.c.h; name = PropResult.h; path = ../../../qcar/include/QCAR/PropResult.h; sourceTree = "<group>"; };
		A7EA8AA71F9FBD2700688BBD /* Tracker.h */ = {isa = PBXFileReference; lastKnownFileType = sourcecode.c.h; name = Tracker.h; path = ../../../qcar/include/QCAR/Tracker.h; sourceTree = "<group>"; };
		A7EA8AA81F9FBD2700688BBD /* VirtualButtonResult.h */ = {isa = PBXFileReference; lastKnownFileType = sourcecode.c.h; name = VirtualButtonResult.h; path = ../../../qcar/include/QCAR/VirtualButtonResult.h; sourceTree = "<group>"; };
		A7EA8AA91F9FBD2700688BBD /* CameraDevice.h */ = {isa = PBXFileReference; lastKnownFileType = sourcecode.c.h; name = CameraDevice.h; path = ../../../qcar/include/QCAR/CameraDevice.h; sourceTree = "<group>"; };
		A7EA8AAA1F9FBD2700688BBD /* Matrices.h */ = {isa = PBXFileReference; lastKnownFileType = sourcecode.c.h; name = Matrices.h; path = ../../../qcar/include/QCAR/Matrices.h; sourceTree = "<group>"; };
		A7EA8AAB1F9FBD2700688BBD /* ReconstructionFromTarget.h */ = {isa = PBXFileReference; lastKnownFileType = sourcecode.c.h; name = ReconstructionFromTarget.h; path = ../../../qcar/include/QCAR/ReconstructionFromTarget.h; sourceTree = "<group>"; };
		A7EA8AAC1F9FBD2800688BBD /* Rectangle.h */ = {isa = PBXFileReference; lastKnownFileType = sourcecode.c.h; name = Rectangle.h; path = ../../../qcar/include/QCAR/Rectangle.h; sourceTree = "<group>"; };
		A7EA8AAD1F9FBD2800688BBD /* SmartTerrainBuilder.h */ = {isa = PBXFileReference; lastKnownFileType = sourcecode.c.h; name = SmartTerrainBuilder.h; path = ../../../qcar/include/QCAR/SmartTerrainBuilder.h; sourceTree = "<group>"; };
		A7EA8AAE1F9FBD2800688BBD /* ImageTargetBuilder.h */ = {isa = PBXFileReference; lastKnownFileType = sourcecode.c.h; name = ImageTargetBuilder.h; path = ../../../qcar/include/QCAR/ImageTargetBuilder.h; sourceTree = "<group>"; };
		A7EA8AAF1F9FBD2800688BBD /* CylinderTargetResult.h */ = {isa = PBXFileReference; lastKnownFileType = sourcecode.c.h; name = CylinderTargetResult.h; path = ../../../qcar/include/QCAR/CylinderTargetResult.h; sourceTree = "<group>"; };
		A7EA8AB01F9FBD2800688BBD /* ImageTarget.h */ = {isa = PBXFileReference; lastKnownFileType = sourcecode.c.h; name = ImageTarget.h; path = ../../../qcar/include/QCAR/ImageTarget.h; sourceTree = "<group>"; };
		A7EA8AB11F9FBD2800688BBD /* QCAR.h */ = {isa = PBXFileReference; lastKnownFileType = sourcecode.c.h; name = QCAR.h; path = ../../../qcar/include/QCAR/QCAR.h; sourceTree = "<group>"; };
		A7EA8AB21F9FBD2800688BBD /* MarkerResult.h */ = {isa = PBXFileReference; lastKnownFileType = sourcecode.c.h; name = MarkerResult.h; path = ../../../qcar/include/QCAR/MarkerResult.h; sourceTree = "<group>"; };
		A7EA8AB31F9FBD2800688BBD /* State.h */ = {isa = PBXFileReference; lastKnownFileType = sourcecode.c.h; name = State.h; path = ../../../qcar/include/QCAR/State.h; sourceTree = "<group>"; };
		A7EA8AB41F9FBD2800688BBD /* StateUpdater.h */ = {isa = PBXFileReference; lastKnownFileType = sourcecode.c.h; name = StateUpdater.h; path = ../../../qcar/include/QCAR/StateUpdater.h; sourceTree = "<group>"; };
		A7EA8AB51F9FBD2800688BBD /* ImageTargetResult.h */ = {isa = PBXFileReference; lastKnownFileType = sourcecode.c.h; name = ImageTargetResult.h; path = ../../../qcar/include/QCAR/ImageTargetResult.h; sourceTree = "<group>"; };
		A7EA8AB61F9FBD2800688BBD /* VirtualButton.h */ = {isa = PBXFileReference; lastKnownFileType = sourcecode.c.h; name = VirtualButton.h; path = ../../../qcar/include/QCAR/VirtualButton.h; sourceTree = "<group>"; };
		A7EA8AB71F9FBD2800688BBD /* Frame.h */ = {isa = PBXFileReference; lastKnownFileType = sourcecode.c.h; name = Frame.h; path = ../../../qcar/include/QCAR/Frame.h; sourceTree = "<group>"; };
		A7EA8AB81F9FBD2800688BBD /* WordResult.h */ = {isa = PBXFileReference; lastKnownFileType = sourcecode.c.h; name = WordResult.h; path = ../../../qcar/include/QCAR/WordResult.h; sourceTree = "<group>"; };
		A7F3601E1B0FC37E001E8241 /* Images.xcassets */ = {isa = PBXFileReference; lastKnownFileType = folder.assetcatalog; path = Images.xcassets; sourceTree = "<group>"; };
		A7F360211B0FC3D7001E8241 /* Default-568h@2x~iphone_potrait.png */ = {isa = PBXFileReference; lastKnownFileType = image.png; name = "Default-568h@2x~iphone_potrait.png"; path = "bin/data/Default-568h@2x~iphone_potrait.png"; sourceTree = "<group>"; };
		A7F360221B0FC3D7001E8241 /* Default-568h@2x~iphone.png */ = {isa = PBXFileReference; lastKnownFileType = image.png; name = "Default-568h@2x~iphone.png"; path = "bin/data/Default-568h@2x~iphone.png"; sourceTree = "<group>"; };
		A7F360231B0FC3D7001E8241 /* Default-Landscape@2x~ipad.png */ = {isa = PBXFileReference; lastKnownFileType = image.png; name = "Default-Landscape@2x~ipad.png"; path = "bin/data/Default-Landscape@2x~ipad.png"; sourceTree = "<group>"; };
		A7F360241B0FC3D7001E8241 /* Default-Portrait@2x~ipad.png */ = {isa = PBXFileReference; lastKnownFileType = image.png; name = "Default-Portrait@2x~ipad.png"; path = "bin/data/Default-Portrait@2x~ipad.png"; sourceTree = "<group>"; };
		A7F360251B0FC3D7001E8241 /* Default-Portrait~ipad.png */ = {isa = PBXFileReference; lastKnownFileType = image.png; name = "Default-Portrait~ipad.png"; path = "bin/data/Default-Portrait~ipad.png"; sourceTree = "<group>"; };
		A7F360261B0FC3D7001E8241 /* Default.png */ = {isa = PBXFileReference; lastKnownFileType = image.png; name = Default.png; path = bin/data/Default.png; sourceTree = "<group>"; };
		A7F360271B0FC3D7001E8241 /* Default@2x.png */ = {isa = PBXFileReference; lastKnownFileType = image.png; name = "Default@2x.png"; path = "bin/data/Default@2x.png"; sourceTree = "<group>"; };
		A7F360281B0FC3D7001E8241 /* Default@2x~ipad.png */ = {isa = PBXFileReference; lastKnownFileType = image.png; name = "Default@2x~ipad.png"; path = "bin/data/Default@2x~ipad.png"; sourceTree = "<group>"; };
		A7F360291B0FC3D7001E8241 /* Default@2x~iphone.png */ = {isa = PBXFileReference; lastKnownFileType = image.png; name = "Default@2x~iphone.png"; path = "bin/data/Default@2x~iphone.png"; sourceTree = "<group>"; };
		A7F3602A1B0FC3D7001E8241 /* Default~ipad.png */ = {isa = PBXFileReference; lastKnownFileType = image.png; name = "Default~ipad.png"; path = "bin/data/Default~ipad.png"; sourceTree = "<group>"; };
		BB16EBD10F2B2A9500518274 /* OpenGLES.framework */ = {isa = PBXFileReference; lastKnownFileType = wrapper.framework; name = OpenGLES.framework; path = System/Library/Frameworks/OpenGLES.framework; sourceTree = SDKROOT; };
		BB16EBD80F2B2AB500518274 /* QuartzCore.framework */ = {isa = PBXFileReference; lastKnownFileType = wrapper.framework; name = QuartzCore.framework; path = System/Library/Frameworks/QuartzCore.framework; sourceTree = SDKROOT; };
		BB24DDC910DA781C00E9C588 /* ofxiOS-Info.plist */ = {isa = PBXFileReference; fileEncoding = 4; lastKnownFileType = text.plist.xml; path = "ofxiOS-Info.plist"; sourceTree = "<group>"; };
		BBE5EAB70F49AD8400F28951 /* AudioToolbox.framework */ = {isa = PBXFileReference; lastKnownFileType = wrapper.framework; name = AudioToolbox.framework; path = System/Library/Frameworks/AudioToolbox.framework; sourceTree = SDKROOT; };
		E41D3ED613B38FB500A75A5D /* Project.xcconfig */ = {isa = PBXFileReference; fileEncoding = 4; lastKnownFileType = text.xcconfig; path = Project.xcconfig; sourceTree = "<group>"; };
		E41D3EE513B3906D00A75A5D /* CoreOF.xcconfig */ = {isa = PBXFileReference; fileEncoding = 4; lastKnownFileType = text.xcconfig; name = CoreOF.xcconfig; path = ../../../libs/openFrameworksCompiled/project/ios/CoreOF.xcconfig; sourceTree = SOURCE_ROOT; };
		E41D400613B39D2100A75A5D /* AVFoundation.framework */ = {isa = PBXFileReference; lastKnownFileType = wrapper.framework; name = AVFoundation.framework; path = System/Library/Frameworks/AVFoundation.framework; sourceTree = SDKROOT; };
		E41D400713B39D2100A75A5D /* CoreMedia.framework */ = {isa = PBXFileReference; lastKnownFileType = wrapper.framework; name = CoreMedia.framework; path = System/Library/Frameworks/CoreMedia.framework; sourceTree = SDKROOT; };
		E41D400813B39D2100A75A5D /* CoreVideo.framework */ = {isa = PBXFileReference; lastKnownFileType = wrapper.framework; name = CoreVideo.framework; path = System/Library/Frameworks/CoreVideo.framework; sourceTree = SDKROOT; };
		E41D400913B39D2100A75A5D /* MapKit.framework */ = {isa = PBXFileReference; lastKnownFileType = wrapper.framework; name = MapKit.framework; path = System/Library/Frameworks/MapKit.framework; sourceTree = SDKROOT; };
		E41D40FD13B3A0D800A75A5D /* iOS+OFLib.xcodeproj */ = {isa = PBXFileReference; lastKnownFileType = "wrapper.pb-project"; name = "iOS+OFLib.xcodeproj"; path = "../../../libs/openFrameworksCompiled/project/ios/iOS+OFLib.xcodeproj"; sourceTree = SOURCE_ROOT; };
		E4A823A312561BE3002F86A2 /* CoreGraphics.framework */ = {isa = PBXFileReference; lastKnownFileType = wrapper.framework; name = CoreGraphics.framework; path = System/Library/Frameworks/CoreGraphics.framework; sourceTree = SDKROOT; };
		E4D8936B11527B74007E1F53 /* main.mm */ = {isa = PBXFileReference; fileEncoding = 4; lastKnownFileType = sourcecode.cpp.objcpp; name = main.mm; path = src/main.mm; sourceTree = SOURCE_ROOT; };
		E4D8936C11527B74007E1F53 /* realityEditor.h */ = {isa = PBXFileReference; fileEncoding = 4; lastKnownFileType = sourcecode.c.h; name = realityEditor.h; path = src/realityEditor.h; sourceTree = SOURCE_ROOT; };
		E4D8936D11527B74007E1F53 /* realityEditor.mm */ = {isa = PBXFileReference; fileEncoding = 4; lastKnownFileType = sourcecode.cpp.objcpp; name = realityEditor.mm; path = src/realityEditor.mm; sourceTree = SOURCE_ROOT; };
/* End PBXFileReference section */

/* Begin PBXFrameworksBuildPhase section */
		1D60588F0D05DD3D006BFB54 /* Frameworks */ = {
			isa = PBXFrameworksBuildPhase;
			buildActionMask = 2147483647;
			files = (
				436CC0661FAA25820021BA20 /* Speech.framework in Frameworks */,
				5D4278CD1E4E5CBC009F8A5D /* LocalAuthentication.framework in Frameworks */,
				A7BC537A1AFBC54C00B7D2C2 /* WebKit.framework in Frameworks */,
				A720E48D1AFB3C9000B29F68 /* CoreMotion.framework in Frameworks */,
				A720E48B1AFB3C8600B29F68 /* Security.framework in Frameworks */,
				A720E4891AFB3C7000B29F68 /* SystemConfiguration.framework in Frameworks */,
				E41D421413B3A95300A75A5D /* libofxiOS_iphoneos_Debug.a in Frameworks */,
				1D60589F0D05DD5A006BFB54 /* Foundation.framework in Frameworks */,
				1DF5F4E00D08C38300B7A737 /* UIKit.framework in Frameworks */,
				288765FD0DF74451002DB57D /* CoreGraphics.framework in Frameworks */,
				BB16EBD20F2B2A9500518274 /* OpenGLES.framework in Frameworks */,
				A7BBB0081C95FBDA000AFAB6 /* libVuforia.a in Frameworks */,
				BB16EBD90F2B2AB500518274 /* QuartzCore.framework in Frameworks */,
				BBE5EAB80F49AD8400F28951 /* AudioToolbox.framework in Frameworks */,
				53F323EB10A20EDB00E0DAE4 /* OpenAL.framework in Frameworks */,
				5326AEA810A23A0500278DE6 /* CoreLocation.framework in Frameworks */,
				E41D400B13B39D2100A75A5D /* AVFoundation.framework in Frameworks */,
				E41D400C13B39D2100A75A5D /* CoreMedia.framework in Frameworks */,
				E41D400D13B39D2100A75A5D /* CoreVideo.framework in Frameworks */,
				E41D400E13B39D2100A75A5D /* MapKit.framework in Frameworks */,
				67DFA53619F92A69003B3434 /* Accelerate.framework in Frameworks */,
			);
			runOnlyForDeploymentPostprocessing = 0;
		};
/* End PBXFrameworksBuildPhase section */

/* Begin PBXGroup section */
		19C28FACFE9D520D11CA2CBB /* Products */ = {
			isa = PBXGroup;
			children = (
				1D6058910D05DD3D006BFB54 /* openHybridEditor.app */,
			);
			name = Products;
			sourceTree = "<group>";
		};
		29B97314FDCFA39411CA2CEA /* CustomTemplate */ = {
			isa = PBXGroup;
			children = (
				A7F360211B0FC3D7001E8241 /* Default-568h@2x~iphone_potrait.png */,
				A7F360221B0FC3D7001E8241 /* Default-568h@2x~iphone.png */,
				A7F360231B0FC3D7001E8241 /* Default-Landscape@2x~ipad.png */,
				A7F360241B0FC3D7001E8241 /* Default-Portrait@2x~ipad.png */,
				A7F360251B0FC3D7001E8241 /* Default-Portrait~ipad.png */,
				A7F360261B0FC3D7001E8241 /* Default.png */,
				A7F360271B0FC3D7001E8241 /* Default@2x.png */,
				A7F360281B0FC3D7001E8241 /* Default@2x~ipad.png */,
				A7F360291B0FC3D7001E8241 /* Default@2x~iphone.png */,
				A7F3602A1B0FC3D7001E8241 /* Default~ipad.png */,
				A7F3601E1B0FC37E001E8241 /* Images.xcassets */,
				A7BC53791AFBC54C00B7D2C2 /* WebKit.framework */,
				A720E48C1AFB3C9000B29F68 /* CoreMotion.framework */,
				A720E48A1AFB3C8600B29F68 /* Security.framework */,
				A720E4881AFB3C7000B29F68 /* SystemConfiguration.framework */,
				A720E48E1AFB3D3000B29F68 /* data */,
				E4D8936A11527B74007E1F53 /* src */,
				BB24E1F710DAA51900E9C588 /* openFrameworks */,
				BB16F26B0F2B646B00518274 /* addons */,
				BB16E9930F2B1E5900518274 /* libs */,
				19C28FACFE9D520D11CA2CBB /* Products */,
				5D4278CB1E4E5CBC009F8A5D /* Frameworks */,
			);
			name = CustomTemplate;
			sourceTree = "<group>";
		};
		29B97323FDCFA39411CA2CEA /* core frameworks */ = {
			isa = PBXGroup;
			children = (
				E41D400613B39D2100A75A5D /* AVFoundation.framework */,
				E41D400713B39D2100A75A5D /* CoreMedia.framework */,
				E41D400813B39D2100A75A5D /* CoreVideo.framework */,
				E41D400913B39D2100A75A5D /* MapKit.framework */,
				53F323EA10A20EDB00E0DAE4 /* OpenAL.framework */,
				E4A823A312561BE3002F86A2 /* CoreGraphics.framework */,
				BBE5EAB70F49AD8400F28951 /* AudioToolbox.framework */,
				BB16EBD80F2B2AB500518274 /* QuartzCore.framework */,
				BB16EBD10F2B2A9500518274 /* OpenGLES.framework */,
				1DF5F4DF0D08C38300B7A737 /* UIKit.framework */,
				1D30AB110D05D00D00671497 /* Foundation.framework */,
				288765FC0DF74451002DB57D /* CoreGraphics.framework */,
				5326AEA710A23A0500278DE6 /* CoreLocation.framework */,
				67DFA53419F92A5E003B3434 /* Accelerate.framework */,
			);
			name = "core frameworks";
			sourceTree = "<group>";
		};
		436CC0611FAA247E0021BA20 /* speechAPI */ = {
			isa = PBXGroup;
			children = (
				436CC0631FAA24D40021BA20 /* SpeechInterface.h */,
				436CC0621FAA24D40021BA20 /* SpeechInterface.mm */,
			);
			path = speechAPI;
			sourceTree = "<group>";
		};
		5D4278CB1E4E5CBC009F8A5D /* Frameworks */ = {
			isa = PBXGroup;
			children = (
				436CC0651FAA25810021BA20 /* Speech.framework */,
				5D4278CC1E4E5CBC009F8A5D /* LocalAuthentication.framework */,
			);
			name = Frameworks;
			sourceTree = "<group>";
		};
		A704BE531AFB442300E97FDC /* ofxJSON */ = {
			isa = PBXGroup;
			children = (
				A704BE8F1AFB442300E97FDC /* libs */,
				A704BE981AFB442300E97FDC /* src */,
			);
			name = ofxJSON;
			path = ../../../addons/ofxJSON;
			sourceTree = "<group>";
		};
		A704BE8F1AFB442300E97FDC /* libs */ = {
			isa = PBXGroup;
			children = (
				A704BE901AFB442300E97FDC /* jsoncpp */,
			);
			path = libs;
			sourceTree = "<group>";
		};
		A704BE901AFB442300E97FDC /* jsoncpp */ = {
			isa = PBXGroup;
			children = (
				A704BE911AFB442300E97FDC /* include */,
				A704BE951AFB442300E97FDC /* src */,
			);
			path = jsoncpp;
			sourceTree = "<group>";
		};
		A704BE911AFB442300E97FDC /* include */ = {
			isa = PBXGroup;
			children = (
				A704BE921AFB442300E97FDC /* json */,
			);
			path = include;
			sourceTree = "<group>";
		};
		A704BE921AFB442300E97FDC /* json */ = {
			isa = PBXGroup;
			children = (
				A704BE931AFB442300E97FDC /* json-forwards.h */,
				A704BE941AFB442300E97FDC /* json.h */,
			);
			path = json;
			sourceTree = "<group>";
		};
		A704BE951AFB442300E97FDC /* src */ = {
			isa = PBXGroup;
			children = (
				A704BE961AFB442300E97FDC /* jsoncpp.cpp */,
			);
			path = src;
			sourceTree = "<group>";
		};
		A704BE981AFB442300E97FDC /* src */ = {
			isa = PBXGroup;
			children = (
				A704BE991AFB442300E97FDC /* ofxJSON.h */,
				A704BE9A1AFB442300E97FDC /* ofxJSONElement.cpp */,
				A704BE9B1AFB442300E97FDC /* ofxJSONElement.h */,
			);
			path = src;
			sourceTree = "<group>";
		};
		A704BE9C1AFB442300E97FDC /* ofxNetwork */ = {
			isa = PBXGroup;
			children = (
				A704BE9F1AFB442300E97FDC /* src */,
			);
			name = ofxNetwork;
			path = ../../../addons/ofxNetwork;
			sourceTree = "<group>";
		};
		A704BE9F1AFB442300E97FDC /* src */ = {
			isa = PBXGroup;
			children = (
				A704BEA01AFB442300E97FDC /* ofxNetwork.h */,
				A704BEA11AFB442300E97FDC /* ofxNetworkUtils.h */,
				A704BEA21AFB442300E97FDC /* ofxTCPClient.cpp */,
				A704BEA31AFB442300E97FDC /* ofxTCPClient.h */,
				A704BEA41AFB442300E97FDC /* ofxTCPManager.cpp */,
				A704BEA51AFB442300E97FDC /* ofxTCPManager.h */,
				A704BEA61AFB442300E97FDC /* ofxTCPServer.cpp */,
				A704BEA71AFB442300E97FDC /* ofxTCPServer.h */,
				A704BEA81AFB442300E97FDC /* ofxUDPManager.cpp */,
				A704BEA91AFB442300E97FDC /* ofxUDPManager.h */,
			);
			path = src;
			sourceTree = "<group>";
		};
		A704BEDD1AFB44BF00E97FDC /* webInterface */ = {
			isa = PBXGroup;
			children = (
				5DD5D1BB1C90AF47001B8E53 /* ofxWebViewDelegate.h */,
				5DD5D1BA1C90AF47001B8E53 /* ofxWebViewDelegate.mm */,
				5D7D5D731C8F253F00DB49D6 /* ofxWebViewInterface.h */,
				5DD5D1B81C90AC16001B8E53 /* ofxWebViewInterface.mm */,
			);
			path = webInterface;
			sourceTree = "<group>";
		};
		A720E48E1AFB3D3000B29F68 /* data */ = {
			isa = PBXGroup;
			children = (
				51BA97581EDC6FC60041A67F /* QCAR_assets */,
				A7BC52C01AFBC39E00B7D2C2 /* Default-568h@2x~iphone.png */,
				A7BC52C11AFBC39E00B7D2C2 /* Default-Landscape@2x~ipad.png */,
				A7BC52C21AFBC39E00B7D2C2 /* Default-Portrait@2x~ipad.png */,
				A7BC52C31AFBC39E00B7D2C2 /* Default-Portrait~ipad.png */,
				A7BC52C41AFBC39E00B7D2C2 /* Default.png */,
				A7BC52C51AFBC39E00B7D2C2 /* Default@2x.png */,
				A7BC52C61AFBC39E00B7D2C2 /* Default@2x~ipad.png */,
				A7BC52C71AFBC39E00B7D2C2 /* Default@2x~iphone.png */,
				A7BC52C81AFBC39E00B7D2C2 /* Default~ipad.png */,
				A7BC52D31AFBC39E00B7D2C2 /* interface.png */,
				A7BC52D41AFBC39E00B7D2C2 /* object.png */,
				A7BC52DC1AFBC39E00B7D2C2 /* verdana.ttf */,
			);
			name = data;
			path = bin/data;
			sourceTree = "<group>";
		};
		A7BBAA651C95DF3C000AFAB6 /* ofxQCAR */ = {
			isa = PBXGroup;
			children = (
				A7BBAF161C95FBDA000AFAB6 /* libs */,
				A7BBAFFC1C95FBDA000AFAB6 /* src */,
			);
			name = ofxQCAR;
			path = ../../../addons/ofxQCAR;
			sourceTree = "<group>";
		};
		A7BBAF161C95FBDA000AFAB6 /* libs */ = {
			isa = PBXGroup;
			children = (
				A7BBAFA31C95FBDA000AFAB6 /* QCAR */,
			);
			path = libs;
			sourceTree = "<group>";
		};
		A7BBAFA31C95FBDA000AFAB6 /* QCAR */ = {
			isa = PBXGroup;
			children = (
				A7BBAFA41C95FBDA000AFAB6 /* include */,
				A7BBAFF91C95FBDA000AFAB6 /* lib */,
			);
			path = QCAR;
			sourceTree = "<group>";
		};
		A7BBAFA41C95FBDA000AFAB6 /* include */ = {
			isa = PBXGroup;
			children = (
				A7BBAFA51C95FBDA000AFAB6 /* QCAR */,
			);
			path = include;
			sourceTree = "<group>";
		};
		A7BBAFA51C95FBDA000AFAB6 /* QCAR */ = {
			isa = PBXGroup;
			children = (
				A7EA8A821F9FBD2500688BBD /* Area.h */,
				A7EA8A9E1F9FBD2700688BBD /* Box3D.h */,
				A7EA8A931F9FBD2600688BBD /* CameraCalibration.h */,
				A7EA8AA91F9FBD2700688BBD /* CameraDevice.h */,
				A7EA8A7F1F9FBD2500688BBD /* CylinderTarget.h */,
				A7EA8AAF1F9FBD2800688BBD /* CylinderTargetResult.h */,
				A7EA8A8D1F9FBD2600688BBD /* DataSet.h */,
				A7EA8A9B1F9FBD2700688BBD /* EyeID.h */,
				A7EA8A771F9FBD2500688BBD /* Eyewear.h */,
				A7EA8A8A1F9FBD2600688BBD /* EyewearCalibrationProfileManager.h */,
				A7EA8A921F9FBD2600688BBD /* EyewearCalibrationReading.h */,
				A7EA8A851F9FBD2500688BBD /* EyewearUserCalibrator.h */,
				A7EA8AB71F9FBD2800688BBD /* Frame.h */,
				A7EA8AA01F9FBD2700688BBD /* Image.h */,
				A7EA8AB01F9FBD2800688BBD /* ImageTarget.h */,
				A7EA8AAE1F9FBD2800688BBD /* ImageTargetBuilder.h */,
				A7EA8AB51F9FBD2800688BBD /* ImageTargetResult.h */,
				A7EA8A901F9FBD2600688BBD /* Marker.h */,
				A7EA8AB21F9FBD2800688BBD /* MarkerResult.h */,
				A7EA8A9C1F9FBD2700688BBD /* MarkerTracker.h */,
				A7EA8AAA1F9FBD2700688BBD /* Matrices.h */,
				A7EA8A961F9FBD2600688BBD /* Mesh.h */,
				A7EA8A9D1F9FBD2700688BBD /* MultiTarget.h */,
				A7EA8A811F9FBD2500688BBD /* MultiTargetResult.h */,
				A7EA8A971F9FBD2600688BBD /* NonCopyable.h */,
				A7EA8AA51F9FBD2700688BBD /* Obb2D.h */,
				A7EA8A8E1F9FBD2600688BBD /* Obb3D.h */,
				A7EA8A7D1F9FBD2500688BBD /* ObjectTarget.h */,
				A7EA8A941F9FBD2600688BBD /* ObjectTargetResult.h */,
				A7EA8AA11F9FBD2700688BBD /* ObjectTracker.h */,
				A7EA8A861F9FBD2500688BBD /* Prop.h */,
				A7EA8AA61F9FBD2700688BBD /* PropResult.h */,
				A7EA8A781F9FBD2500688BBD /* QCAR_iOS.h */,
				A7EA8AB11F9FBD2800688BBD /* QCAR.h */,
				A7EA8A951F9FBD2600688BBD /* Reconstruction.h */,
				A7EA8AAB1F9FBD2700688BBD /* ReconstructionFromTarget.h */,
				A7EA8AAC1F9FBD2800688BBD /* Rectangle.h */,
				A7EA8A831F9FBD2500688BBD /* Renderer.h */,
				A7EA8AAD1F9FBD2800688BBD /* SmartTerrainBuilder.h */,
				A7EA8A9F1F9FBD2700688BBD /* SmartTerrainTrackable.h */,
				A7EA8A7A1F9FBD2500688BBD /* SmartTerrainTracker.h */,
				A7EA8AB31F9FBD2800688BBD /* State.h */,
				A7EA8AB41F9FBD2800688BBD /* StateUpdater.h */,
				A7EA8A8F1F9FBD2600688BBD /* Surface.h */,
				A7EA8A871F9FBD2600688BBD /* SurfaceResult.h */,
				A7EA8A7C1F9FBD2500688BBD /* System.h */,
				A7EA8A791F9FBD2500688BBD /* TargetFinder.h */,
				A7EA8A981F9FBD2600688BBD /* TargetSearchResult.h */,
				A7EA8A801F9FBD2500688BBD /* TextTracker.h */,
				A7EA8A841F9FBD2500688BBD /* Tool.h */,
				A7EA8A8B1F9FBD2600688BBD /* Trackable.h */,
				A7EA8A7B1F9FBD2500688BBD /* TrackableResult.h */,
				A7EA8A881F9FBD2600688BBD /* TrackableSource.h */,
				A7EA8AA71F9FBD2700688BBD /* Tracker.h */,
				A7EA8A891F9FBD2600688BBD /* TrackerManager.h */,
				A7EA8A8C1F9FBD2600688BBD /* Type.h */,
				A7EA8A911F9FBD2600688BBD /* UIGLViewProtocol.h */,
				A7EA8AA31F9FBD2700688BBD /* UpdateCallback.h */,
				A7EA8A9A1F9FBD2700688BBD /* Vectors.h */,
				A7EA8A991F9FBD2700688BBD /* VideoBackgroundConfig.h */,
				A7EA8A761F9FBD2400688BBD /* VideoBackgroundTextureInfo.h */,
				A7EA8AA41F9FBD2700688BBD /* VideoMode.h */,
				A7EA8AB61F9FBD2800688BBD /* VirtualButton.h */,
				A7EA8AA81F9FBD2700688BBD /* VirtualButtonResult.h */,
				A7EA8AA21F9FBD2700688BBD /* Word.h */,
				A7EA8A7E1F9FBD2500688BBD /* WordList.h */,
				A7EA8AB81F9FBD2800688BBD /* WordResult.h */,
			);
			path = QCAR;
			sourceTree = "<group>";
		};
		A7BBAFF91C95FBDA000AFAB6 /* lib */ = {
			isa = PBXGroup;
			children = (
				A7BBAFFA1C95FBDA000AFAB6 /* arm */,
			);
			path = lib;
			sourceTree = "<group>";
		};
		A7BBAFFA1C95FBDA000AFAB6 /* arm */ = {
			isa = PBXGroup;
			children = (
				A7BBAFFB1C95FBDA000AFAB6 /* libVuforia.a */,
			);
			path = arm;
			sourceTree = "<group>";
		};
		A7BBAFFC1C95FBDA000AFAB6 /* src */ = {
			isa = PBXGroup;
			children = (
				A7BBAFFD1C95FBDA000AFAB6 /* ofxQCAR.h */,
				A7BBAFFE1C95FBDA000AFAB6 /* ofxQCAR.mm */,
				A7BBAFFF1C95FBDA000AFAB6 /* ofxQCAR_App.h */,
				A7BBB0001C95FBDA000AFAB6 /* ofxQCAR_EAGLView.h */,
				A7BBB0011C95FBDA000AFAB6 /* ofxQCAR_EAGLView.mm */,
				A7BBB0021C95FBDA000AFAB6 /* ofxQCAR_ViewController.h */,
				A7BBB0031C95FBDA000AFAB6 /* ofxQCAR_ViewController.mm */,
				A7BBB0041C95FBDA000AFAB6 /* ofxVuforiaSession.h */,
				A7BBB0051C95FBDA000AFAB6 /* ofxVuforiaSession.mm */,
			);
			path = src;
			sourceTree = "<group>";
		};
		A7DE8BB81BCB397B00CC1525 /* ofxXmlSettings */ = {
			isa = PBXGroup;
			children = (
				A7DE8BB91BCB397B00CC1525 /* libs */,
				A7DE8BBE1BCB397B00CC1525 /* src */,
			);
			name = ofxXmlSettings;
			path = ../../../addons/ofxXmlSettings;
			sourceTree = "<group>";
		};
		A7DE8BB91BCB397B00CC1525 /* libs */ = {
			isa = PBXGroup;
			children = (
				A7DE8BBA1BCB397B00CC1525 /* tinyxml.cpp */,
				A7DE8BBB1BCB397B00CC1525 /* tinyxml.h */,
				A7DE8BBC1BCB397B00CC1525 /* tinyxmlerror.cpp */,
				A7DE8BBD1BCB397B00CC1525 /* tinyxmlparser.cpp */,
			);
			path = libs;
			sourceTree = "<group>";
		};
		A7DE8BBE1BCB397B00CC1525 /* src */ = {
			isa = PBXGroup;
			children = (
				A7DE8BBF1BCB397B00CC1525 /* ofxXmlSettings.cpp */,
				A7DE8BC01BCB397B00CC1525 /* ofxXmlSettings.h */,
			);
			path = src;
			sourceTree = "<group>";
		};
		BB16E9930F2B1E5900518274 /* libs */ = {
			isa = PBXGroup;
			children = (
				BBE5E94E0F497BD800F28951 /* core */,
			);
			name = libs;
			sourceTree = "<group>";
		};
		BB16F26B0F2B646B00518274 /* addons */ = {
			isa = PBXGroup;
			children = (
				A7BBAA651C95DF3C000AFAB6 /* ofxQCAR */,
				A7DE8BB81BCB397B00CC1525 /* ofxXmlSettings */,
				A704BE531AFB442300E97FDC /* ofxJSON */,
				A704BE9C1AFB442300E97FDC /* ofxNetwork */,
			);
			name = addons;
			sourceTree = "<group>";
		};
		BB24E1F710DAA51900E9C588 /* openFrameworks */ = {
			isa = PBXGroup;
			children = (
				E41D40FD13B3A0D800A75A5D /* iOS+OFLib.xcodeproj */,
				32CA4F630368D1EE00C91783 /* ofxiOS_Prefix.pch */,
				BB24DDC910DA781C00E9C588 /* ofxiOS-Info.plist */,
				E41D3EE513B3906D00A75A5D /* CoreOF.xcconfig */,
				E41D3ED613B38FB500A75A5D /* Project.xcconfig */,
			);
			name = openFrameworks;
			sourceTree = "<group>";
		};
		BBE5E94E0F497BD800F28951 /* core */ = {
			isa = PBXGroup;
			children = (
				29B97323FDCFA39411CA2CEA /* core frameworks */,
			);
			name = core;
			sourceTree = "<group>";
		};
		E41D40FE13B3A0D800A75A5D /* Products */ = {
			isa = PBXGroup;
			children = (
				E41D410213B3A0D800A75A5D /* libofxiOS_iphoneos_Debug.a */,
			);
			name = Products;
			sourceTree = "<group>";
		};
		E4D8936A11527B74007E1F53 /* src */ = {
			isa = PBXGroup;
			children = (
				511FEEFB1E09F15000BB06AB /* ImagePartSource.h */,
				511FEEFC1E09F15000BB06AB /* ImagePartSource.mm */,
				511FEEFD1E09F15000BB06AB /* MemoryUploader.h */,
				511FEEFE1E09F15000BB06AB /* MemoryUploader.mm */,
				511FEEFF1E09F15000BB06AB /* QCARState.h */,
				A704BEDD1AFB44BF00E97FDC /* webInterface */,
				436CC0611FAA247E0021BA20 /* speechAPI */,
				E4D8936B11527B74007E1F53 /* main.mm */,
				E4D8936D11527B74007E1F53 /* realityEditor.mm */,
				E4D8936C11527B74007E1F53 /* realityEditor.h */,
				436CC05B1FA905C00021BA20 /* vuforiaKey.h */,
			);
			path = src;
			sourceTree = SOURCE_ROOT;
		};
/* End PBXGroup section */

/* Begin PBXNativeTarget section */
		1D6058900D05DD3D006BFB54 /* RealityEditor */ = {
			isa = PBXNativeTarget;
			buildConfigurationList = 1D6058960D05DD3E006BFB54 /* Build configuration list for PBXNativeTarget "RealityEditor" */;
			buildPhases = (
				1D60588D0D05DD3D006BFB54 /* Resources */,
				1D60588E0D05DD3D006BFB54 /* Sources */,
				1D60588F0D05DD3D006BFB54 /* Frameworks */,
				9255DD331112741900D6945E /* ShellScript */,
			);
			buildRules = (
			);
			dependencies = (
				E41D410413B3A11300A75A5D /* PBXTargetDependency */,
			);
			name = RealityEditor;
			productName = iPhone;
			productReference = 1D6058910D05DD3D006BFB54 /* openHybridEditor.app */;
			productType = "com.apple.product-type.application";
		};
/* End PBXNativeTarget section */

/* Begin PBXProject section */
		29B97313FDCFA39411CA2CEA /* Project object */ = {
			isa = PBXProject;
			attributes = {
				LastUpgradeCheck = 0600;
				TargetAttributes = {
					1D6058900D05DD3D006BFB54 = {
						DevelopmentTeam = 398X473C9S;
						ProvisioningStyle = Automatic;
						SystemCapabilities = {
							com.apple.Maps.iOS = {
								enabled = 0;
							};
						};
					};
				};
			};
			buildConfigurationList = C01FCF4E08A954540054247B /* Build configuration list for PBXProject "RealityEditor" */;
			compatibilityVersion = "Xcode 6.3";
			developmentRegion = English;
			hasScannedForEncodings = 1;
			knownRegions = (
				English,
				Japanese,
				French,
				German,
			);
			mainGroup = 29B97314FDCFA39411CA2CEA /* CustomTemplate */;
			projectDirPath = "";
			projectReferences = (
				{
					ProductGroup = E41D40FE13B3A0D800A75A5D /* Products */;
					ProjectRef = E41D40FD13B3A0D800A75A5D /* iOS+OFLib.xcodeproj */;
				},
			);
			projectRoot = "";
			targets = (
				1D6058900D05DD3D006BFB54 /* RealityEditor */,
			);
		};
/* End PBXProject section */

/* Begin PBXReferenceProxy section */
		E41D410213B3A0D800A75A5D /* libofxiOS_iphoneos_Debug.a */ = {
			isa = PBXReferenceProxy;
			fileType = archive.ar;
			path = libofxiOS_iphoneos_Debug.a;
			remoteRef = E41D410113B3A0D800A75A5D /* PBXContainerItemProxy */;
			sourceTree = BUILT_PRODUCTS_DIR;
		};
/* End PBXReferenceProxy section */

/* Begin PBXResourcesBuildPhase section */
		1D60588D0D05DD3D006BFB54 /* Resources */ = {
			isa = PBXResourcesBuildPhase;
			buildActionMask = 2147483647;
			files = (
				A7F360351B0FC3D7001E8241 /* Default@2x~iphone.png in Resources */,
				A7BC53271AFBC39E00B7D2C2 /* Default@2x.png in Resources */,
				A7BC532A1AFBC39E00B7D2C2 /* Default~ipad.png in Resources */,
				A7F360301B0FC3D7001E8241 /* Default-Portrait@2x~ipad.png in Resources */,
				A7F3601F1B0FC37E001E8241 /* Images.xcassets in Resources */,
				A7BC53241AFBC39E00B7D2C2 /* Default-Portrait@2x~ipad.png in Resources */,
				A7F3602F1B0FC3D7001E8241 /* Default-Landscape@2x~ipad.png in Resources */,
				A7BC53231AFBC39E00B7D2C2 /* Default-Landscape@2x~ipad.png in Resources */,
				A7BC53281AFBC39E00B7D2C2 /* Default@2x~ipad.png in Resources */,
				A7F360321B0FC3D7001E8241 /* Default.png in Resources */,
				51BA97591EDC6FC60041A67F /* QCAR_assets in Resources */,
				A7BC53351AFBC39E00B7D2C2 /* interface.png in Resources */,
				A7BC53291AFBC39E00B7D2C2 /* Default@2x~iphone.png in Resources */,
				A7F360311B0FC3D7001E8241 /* Default-Portrait~ipad.png in Resources */,
				A7BC53221AFBC39E00B7D2C2 /* Default-568h@2x~iphone.png in Resources */,
				A7BC53361AFBC39E00B7D2C2 /* object.png in Resources */,
				A7F3602E1B0FC3D7001E8241 /* Default-568h@2x~iphone.png in Resources */,
				A7BC53251AFBC39E00B7D2C2 /* Default-Portrait~ipad.png in Resources */,
				A7F360331B0FC3D7001E8241 /* Default@2x.png in Resources */,
				A7F3602D1B0FC3D7001E8241 /* Default-568h@2x~iphone_potrait.png in Resources */,
				A7F360341B0FC3D7001E8241 /* Default@2x~ipad.png in Resources */,
				A7BC53261AFBC39E00B7D2C2 /* Default.png in Resources */,
				A7F360361B0FC3D7001E8241 /* Default~ipad.png in Resources */,
				A7BC533D1AFBC39E00B7D2C2 /* verdana.ttf in Resources */,
			);
			runOnlyForDeploymentPostprocessing = 0;
		};
/* End PBXResourcesBuildPhase section */

/* Begin PBXShellScriptBuildPhase section */
		9255DD331112741900D6945E /* ShellScript */ = {
			isa = PBXShellScriptBuildPhase;
			buildActionMask = 2147483647;
			files = (
			);
			inputPaths = (
			);
			outputPaths = (
			);
			runOnlyForDeploymentPostprocessing = 0;
			shellPath = /bin/sh;
			shellScript = "rsync -avz --exclude='.DS_Store' \"${SRCROOT}/bin/data/\" \"${TARGET_BUILD_DIR}/${UNLOCALIZED_RESOURCES_FOLDER_PATH}\"\n\n\n\n";
		};
/* End PBXShellScriptBuildPhase section */

/* Begin PBXSourcesBuildPhase section */
		1D60588E0D05DD3D006BFB54 /* Sources */ = {
			isa = PBXSourcesBuildPhase;
			buildActionMask = 2147483647;
			files = (
				A7DE8BC41BCB397B00CC1525 /* ofxXmlSettings.cpp in Sources */,
				436CC0641FAA24D40021BA20 /* SpeechInterface.mm in Sources */,
				A7BBB00B1C95FBDA000AFAB6 /* ofxQCAR_ViewController.mm in Sources */,
				511FEF001E09F15000BB06AB /* ImagePartSource.mm in Sources */,
				A7DE8BC31BCB397B00CC1525 /* tinyxmlparser.cpp in Sources */,
				A7DE8BC21BCB397B00CC1525 /* tinyxmlerror.cpp in Sources */,
				A704BEC91AFB442300E97FDC /* jsoncpp.cpp in Sources */,
				A7DE8BC11BCB397B00CC1525 /* tinyxml.cpp in Sources */,
				E4D8936E11527B74007E1F53 /* main.mm in Sources */,
				A704BED01AFB442300E97FDC /* ofxUDPManager.cpp in Sources */,
				A704BECE1AFB442300E97FDC /* ofxTCPManager.cpp in Sources */,
				5DD5D1B91C90AC16001B8E53 /* ofxWebViewInterface.mm in Sources */,
				A704BECD1AFB442300E97FDC /* ofxTCPClient.cpp in Sources */,
				511FEF011E09F15000BB06AB /* MemoryUploader.mm in Sources */,
				A7BBB00C1C95FBDA000AFAB6 /* ofxVuforiaSession.mm in Sources */,
				A7BBB0091C95FBDA000AFAB6 /* ofxQCAR.mm in Sources */,
				A7BBB00A1C95FBDA000AFAB6 /* ofxQCAR_EAGLView.mm in Sources */,
				E4D8936F11527B74007E1F53 /* realityEditor.mm in Sources */,
				A704BECB1AFB442300E97FDC /* ofxJSONElement.cpp in Sources */,
				5DD5D1BC1C90AF47001B8E53 /* ofxWebViewDelegate.mm in Sources */,
				A704BECF1AFB442300E97FDC /* ofxTCPServer.cpp in Sources */,
			);
			runOnlyForDeploymentPostprocessing = 0;
		};
/* End PBXSourcesBuildPhase section */

/* Begin PBXTargetDependency section */
		E41D410413B3A11300A75A5D /* PBXTargetDependency */ = {
			isa = PBXTargetDependency;
			name = "iPhone+OF Static Library";
			targetProxy = E41D410313B3A11300A75A5D /* PBXContainerItemProxy */;
		};
/* End PBXTargetDependency section */

/* Begin XCBuildConfiguration section */
		1D6058940D05DD3E006BFB54 /* Debug */ = {
			isa = XCBuildConfiguration;
			buildSettings = {
				ALWAYS_SEARCH_USER_PATHS = NO;
				ARCHS = "$(ARCHS_STANDARD)";
				ASSETCATALOG_COMPILER_APPICON_NAME = AppIcon;
				CODE_SIGN_IDENTITY = "";
				"CODE_SIGN_IDENTITY[sdk=iphoneos*]" = "iPhone Developer";
				CODE_SIGN_STYLE = Automatic;
				DEVELOPMENT_TEAM = 398X473C9S;
				ENABLE_BITCODE = NO;
				FRAMEWORK_SEARCH_PATHS = (
					"$(inherited)",
					"$(SDKROOT)$(SYSTEM_LIBRARY_DIR)/PrivateFrameworks",
				);
				GCC_C_LANGUAGE_STANDARD = c11;
				GCC_PRECOMPILE_PREFIX_HEADER = YES;
				GCC_PREFIX_HEADER = ofxiOS_Prefix.pch;
				GCC_WARN_ABOUT_DEPRECATED_FUNCTIONS = YES;
				HEADER_SEARCH_PATHS = (
					"$(OF_CORE_HEADERS)",
					../../../addons/ofxQCAR/libs/QCAR/include,
					../../../addons/ofxJSON/libs/jsoncpp/include,
					../../../addons/ofxQCAR/libs/QCAR/include/QCAR,
				);
				INFOPLIST_FILE = "ofxiOS-Info.plist";
				IPHONEOS_DEPLOYMENT_TARGET = 8.0;
				LIBRARY_SEARCH_PATHS = (
					"$(inherited)",
					../../../addons/ofxJSON/libs/jsoncpp/include,
					../../../addons/ofxQCAR/libs/QCAR/lib/arm,
					../../../addons/ofxQCAR/libs/QCAR/include/QCAR,
				);
				ONLY_ACTIVE_ARCH = NO;
				PRECOMPS_INCLUDE_HEADERS_FROM_BUILT_PRODUCTS_DIR = NO;
				PRODUCT_NAME = openHybridEditor;
				PROVISIONING_PROFILE = "";
				PROVISIONING_PROFILE_SPECIFIER = "";
				TARGETED_DEVICE_FAMILY = "1,2";
				USER_HEADER_SEARCH_PATHS = "../../../addons/ofxQCAR/libs/QCAR/include $(OF_CORE_HEADERS) ../../../addons/ofxJSON/libs/jsoncpp/include ../../../addons/ofxQCAR/libs/QCAR/include/QCAR";
				VALID_ARCHS = "arm64 armv7";
			};
			name = Debug;
		};
		1D6058950D05DD3E006BFB54 /* Release */ = {
			isa = XCBuildConfiguration;
			buildSettings = {
				ARCHS = "$(ARCHS_STANDARD)";
				ASSETCATALOG_COMPILER_APPICON_NAME = AppIcon;
				CODE_SIGN_IDENTITY = "";
				"CODE_SIGN_IDENTITY[sdk=iphoneos*]" = "iPhone Developer";
				CODE_SIGN_STYLE = Automatic;
				DEVELOPMENT_TEAM = 398X473C9S;
				ENABLE_BITCODE = NO;
				FRAMEWORK_SEARCH_PATHS = (
					"$(inherited)",
					"$(SDKROOT)$(SYSTEM_LIBRARY_DIR)/PrivateFrameworks",
				);
				GCC_C_LANGUAGE_STANDARD = c11;
				GCC_PRECOMPILE_PREFIX_HEADER = YES;
				GCC_PREFIX_HEADER = ofxiOS_Prefix.pch;
				GCC_WARN_ABOUT_DEPRECATED_FUNCTIONS = YES;
				HEADER_SEARCH_PATHS = (
					"$(OF_CORE_HEADERS)",
					../../../addons/ofxQCAR/libs/QCAR/include,
					../../../addons/ofxJSON/libs/jsoncpp/include,
					../../../addons/ofxQCAR/libs/QCAR/include/QCAR,
				);
				INFOPLIST_FILE = "ofxiOS-Info.plist";
				IPHONEOS_DEPLOYMENT_TARGET = 8.0;
				LIBRARY_SEARCH_PATHS = (
					"$(inherited)",
					../../../addons/ofxJSON/libs/jsoncpp/include,
					../../../addons/ofxQCAR/libs/QCAR/lib/arm,
					../../../addons/ofxQCAR/libs/QCAR/include/QCAR,
				);
				ONLY_ACTIVE_ARCH = NO;
				PRECOMPS_INCLUDE_HEADERS_FROM_BUILT_PRODUCTS_DIR = NO;
				PRODUCT_NAME = openHybridEditor;
				PROVISIONING_PROFILE = "";
				PROVISIONING_PROFILE_SPECIFIER = "";
				TARGETED_DEVICE_FAMILY = "1,2";
				USER_HEADER_SEARCH_PATHS = "../../../addons/ofxQCAR/libs/QCAR/include $(OF_CORE_HEADERS) ../../../addons/ofxJSON/libs/jsoncpp/include ../../../addons/ofxQCAR/libs/QCAR/include/QCAR";
				VALID_ARCHS = "arm64 armv7";
			};
			name = Release;
		};
		C01FCF4F08A954540054247B /* Debug */ = {
			isa = XCBuildConfiguration;
			baseConfigurationReference = E41D3ED613B38FB500A75A5D /* Project.xcconfig */;
			buildSettings = {
				ALWAYS_SEARCH_USER_PATHS = YES;
				ARCHS = "$(ARCHS_STANDARD)";
				CLANG_CXX_LIBRARY = "libc++";
				CODE_SIGN_IDENTITY = "";
				"CODE_SIGN_IDENTITY[sdk=iphoneos*]" = "";
				COMPRESS_PNG_FILES = NO;
				GCC_C_LANGUAGE_STANDARD = c11;
				GCC_OPTIMIZATION_LEVEL = 0;
				GCC_SYMBOLS_PRIVATE_EXTERN = NO;
				GCC_WARN_ABOUT_INVALID_OFFSETOF_MACRO = NO;
				GCC_WARN_ABOUT_POINTER_SIGNEDNESS = NO;
				GCC_WARN_ABOUT_RETURN_TYPE = YES;
				GCC_WARN_ALLOW_INCOMPLETE_PROTOCOL = NO;
				GCC_WARN_PROTOTYPE_CONVERSION = NO;
				GCC_WARN_UNUSED_VARIABLE = YES;
				IPHONEOS_DEPLOYMENT_TARGET = 5.1.1;
				ONLY_ACTIVE_ARCH = NO;
				"PROVISIONING_PROFILE[sdk=iphoneos*]" = "";
				SDKROOT = iphoneos;
				TARGETED_DEVICE_FAMILY = 1;
				VALID_ARCHS = "arm64 armv7";
				WARNING_LDFLAGS = "-no_arch_warnings";
			};
			name = Debug;
		};
		C01FCF5008A954540054247B /* Release */ = {
			isa = XCBuildConfiguration;
			baseConfigurationReference = E41D3ED613B38FB500A75A5D /* Project.xcconfig */;
			buildSettings = {
				ALWAYS_SEARCH_USER_PATHS = YES;
				ARCHS = "$(ARCHS_STANDARD)";
				CLANG_CXX_LIBRARY = "libc++";
				CODE_SIGN_IDENTITY = "";
				"CODE_SIGN_IDENTITY[sdk=iphoneos*]" = "";
				COMPRESS_PNG_FILES = NO;
				GCC_C_LANGUAGE_STANDARD = c11;
				GCC_DYNAMIC_NO_PIC = NO;
				GCC_GENERATE_DEBUGGING_SYMBOLS = NO;
				GCC_OPTIMIZATION_LEVEL = 3;
				GCC_SYMBOLS_PRIVATE_EXTERN = NO;
				GCC_THUMB_SUPPORT = NO;
				GCC_WARN_ABOUT_RETURN_TYPE = YES;
				GCC_WARN_UNUSED_VARIABLE = YES;
				IPHONEOS_DEPLOYMENT_TARGET = 5.1.1;
				ONLY_ACTIVE_ARCH = NO;
				SDKROOT = iphoneos;
				TARGETED_DEVICE_FAMILY = 1;
				VALID_ARCHS = "arm64 armv7";
				WARNING_LDFLAGS = "-no_arch_warnings";
			};
			name = Release;
		};
/* End XCBuildConfiguration section */

/* Begin XCConfigurationList section */
		1D6058960D05DD3E006BFB54 /* Build configuration list for PBXNativeTarget "RealityEditor" */ = {
			isa = XCConfigurationList;
			buildConfigurations = (
				1D6058940D05DD3E006BFB54 /* Debug */,
				1D6058950D05DD3E006BFB54 /* Release */,
			);
			defaultConfigurationIsVisible = 0;
			defaultConfigurationName = Release;
		};
		C01FCF4E08A954540054247B /* Build configuration list for PBXProject "RealityEditor" */ = {
			isa = XCConfigurationList;
			buildConfigurations = (
				C01FCF4F08A954540054247B /* Debug */,
				C01FCF5008A954540054247B /* Release */,
			);
			defaultConfigurationIsVisible = 0;
			defaultConfigurationName = Release;
		};
/* End XCConfigurationList section */
	};
	rootObject = 29B97313FDCFA39411CA2CEA /* Project object */;
}
